// !$*UTF8*$!
{
	archiveVersion = 1;
	classes = {
	};
	objectVersion = 50;
	objects = {

/* Begin PBXBuildFile section */
		78260CC721F1B99E00659ED5 /* G729Codec.cpp in Sources */ = {isa = PBXBuildFile; fileRef = 78260CC521F1B99E00659ED5 /* G729Codec.cpp */; };
		78260CCF21F1C1ED00659ED5 /* main.cpp in Sources */ = {isa = PBXBuildFile; fileRef = 78260CCE21F1C1ED00659ED5 /* main.cpp */; };
		783F75AA21DCBA3900F573BA /* main.cc in Sources */ = {isa = PBXBuildFile; fileRef = 783F75A921DCBA3900F573BA /* main.cc */; };
		783F768621DDE8E100F573BA /* Ch_f1_8k.pcm in Copy Files */ = {isa = PBXBuildFile; fileRef = 783F768521DDE8D000F573BA /* Ch_f1_8k.pcm */; };
		783F777821DE0E7E00F573BA /* gainpred.c in Sources */ = {isa = PBXBuildFile; fileRef = 783F775121DE0E7E00F573BA /* gainpred.c */; };
		783F777921DE0E7E00F573BA /* taming.c in Sources */ = {isa = PBXBuildFile; fileRef = 783F775321DE0E7E00F573BA /* taming.c */; };
		783F777A21DE0E7E00F573BA /* cod_ld8a.c in Sources */ = {isa = PBXBuildFile; fileRef = 783F775621DE0E7E00F573BA /* cod_ld8a.c */; };
		783F777B21DE0E7E00F573BA /* util.c in Sources */ = {isa = PBXBuildFile; fileRef = 783F775721DE0E7E00F573BA /* util.c */; };
		783F777C21DE0E7E00F573BA /* p_parity.c in Sources */ = {isa = PBXBuildFile; fileRef = 783F775821DE0E7E00F573BA /* p_parity.c */; };
		783F777D21DE0E7E00F573BA /* bits.c in Sources */ = {isa = PBXBuildFile; fileRef = 783F775921DE0E7E00F573BA /* bits.c */; };
		783F777E21DE0E7E00F573BA /* tab_ld8a.c in Sources */ = {isa = PBXBuildFile; fileRef = 783F775A21DE0E7E00F573BA /* tab_ld8a.c */; };
		783F777F21DE0E7E00F573BA /* postfilt.c in Sources */ = {isa = PBXBuildFile; fileRef = 783F775B21DE0E7E00F573BA /* postfilt.c */; };
		783F778021DE0E7E00F573BA /* lspgetq.c in Sources */ = {isa = PBXBuildFile; fileRef = 783F775C21DE0E7E00F573BA /* lspgetq.c */; };
		783F778121DE0E7E00F573BA /* coder.c in Sources */ = {isa = PBXBuildFile; fileRef = 783F775D21DE0E7E00F573BA /* coder.c */; };
		783F778221DE0E7E00F573BA /* filter.c in Sources */ = {isa = PBXBuildFile; fileRef = 783F775E21DE0E7E00F573BA /* filter.c */; };
		783F778321DE0E7E00F573BA /* qua_gain.c in Sources */ = {isa = PBXBuildFile; fileRef = 783F775F21DE0E7E00F573BA /* qua_gain.c */; };
		783F778521DE0E7E00F573BA /* lspdec.c in Sources */ = {isa = PBXBuildFile; fileRef = 783F776121DE0E7E00F573BA /* lspdec.c */; };
		783F778621DE0E7E00F573BA /* oper_32b.c in Sources */ = {isa = PBXBuildFile; fileRef = 783F776221DE0E7E00F573BA /* oper_32b.c */; };
		783F778721DE0E7E00F573BA /* dec_gain.c in Sources */ = {isa = PBXBuildFile; fileRef = 783F776321DE0E7E00F573BA /* dec_gain.c */; };
		783F778821DE0E7E00F573BA /* basic_op.c in Sources */ = {isa = PBXBuildFile; fileRef = 783F776421DE0E7E00F573BA /* basic_op.c */; };
		783F778921DE0E7E00F573BA /* acelp_ca.c in Sources */ = {isa = PBXBuildFile; fileRef = 783F776521DE0E7E00F573BA /* acelp_ca.c */; };
		783F778A21DE0E7E00F573BA /* dspfunc.c in Sources */ = {isa = PBXBuildFile; fileRef = 783F776721DE0E7E00F573BA /* dspfunc.c */; };
		783F778B21DE0E7E00F573BA /* post_pro.c in Sources */ = {isa = PBXBuildFile; fileRef = 783F776921DE0E7E00F573BA /* post_pro.c */; };
		783F778C21DE0E7E00F573BA /* dec_ld8a.c in Sources */ = {isa = PBXBuildFile; fileRef = 783F776A21DE0E7E00F573BA /* dec_ld8a.c */; };
		783F778E21DE0E7E00F573BA /* de_acelp.c in Sources */ = {isa = PBXBuildFile; fileRef = 783F776C21DE0E7E00F573BA /* de_acelp.c */; };
		783F778F21DE0E7E00F573BA /* cor_func.c in Sources */ = {isa = PBXBuildFile; fileRef = 783F776D21DE0E7E00F573BA /* cor_func.c */; };
		783F779021DE0E7E00F573BA /* decoder.c in Sources */ = {isa = PBXBuildFile; fileRef = 783F776E21DE0E7E00F573BA /* decoder.c */; };
		783F779121DE0E7E00F573BA /* dec_lag3.c in Sources */ = {isa = PBXBuildFile; fileRef = 783F776F21DE0E7E00F573BA /* dec_lag3.c */; };
		783F779221DE0E7E00F573BA /* pitch_a.c in Sources */ = {isa = PBXBuildFile; fileRef = 783F777021DE0E7E00F573BA /* pitch_a.c */; };
		783F779321DE0E7E00F573BA /* pred_lt3.c in Sources */ = {isa = PBXBuildFile; fileRef = 783F777121DE0E7E00F573BA /* pred_lt3.c */; };
		783F779421DE0E7E00F573BA /* pre_proc.c in Sources */ = {isa = PBXBuildFile; fileRef = 783F777221DE0E7E00F573BA /* pre_proc.c */; };
		783F779521DE0E7E00F573BA /* lpc.c in Sources */ = {isa = PBXBuildFile; fileRef = 783F777321DE0E7E00F573BA /* lpc.c */; };
		783F779621DE0E7E00F573BA /* qua_lsp.c in Sources */ = {isa = PBXBuildFile; fileRef = 783F777421DE0E7E00F573BA /* qua_lsp.c */; };
		783F779721DE0E7E00F573BA /* lpcfunc.c in Sources */ = {isa = PBXBuildFile; fileRef = 783F777721DE0E7E00F573BA /* lpcfunc.c */; };
/* End PBXBuildFile section */

/* Begin PBXCopyFilesBuildPhase section */
		78260CCA21F1C1ED00659ED5 /* CopyFiles */ = {
			isa = PBXCopyFilesBuildPhase;
			buildActionMask = 2147483647;
			dstPath = /usr/share/man/man1/;
			dstSubfolderSpec = 0;
			files = (
			);
			runOnlyForDeploymentPostprocessing = 1;
		};
		783F75A421DCBA3900F573BA /* Copy Files */ = {
			isa = PBXCopyFilesBuildPhase;
			buildActionMask = 12;
			dstPath = "";
			dstSubfolderSpec = 16;
			files = (
				783F768621DDE8E100F573BA /* Ch_f1_8k.pcm in Copy Files */,
			);
			name = "Copy Files";
			runOnlyForDeploymentPostprocessing = 0;
		};
/* End PBXCopyFilesBuildPhase section */

/* Begin PBXFileReference section */
		78260CC521F1B99E00659ED5 /* G729Codec.cpp */ = {isa = PBXFileReference; lastKnownFileType = sourcecode.cpp.cpp; path = G729Codec.cpp; sourceTree = "<group>"; };
		78260CC621F1B99E00659ED5 /* G729Codec.h */ = {isa = PBXFileReference; lastKnownFileType = sourcecode.c.h; path = G729Codec.h; sourceTree = "<group>"; };
		78260CCC21F1C1ED00659ED5 /* g729cpluss */ = {isa = PBXFileReference; explicitFileType = "compiled.mach-o.executable"; includeInIndex = 0; path = g729cpluss; sourceTree = BUILT_PRODUCTS_DIR; };
		78260CCE21F1C1ED00659ED5 /* main.cpp */ = {isa = PBXFileReference; lastKnownFileType = sourcecode.cpp.cpp; path = main.cpp; sourceTree = "<group>"; };
		783F75A621DCBA3900F573BA /* g729codec */ = {isa = PBXFileReference; explicitFileType = "compiled.mach-o.executable"; includeInIndex = 0; path = g729codec; sourceTree = BUILT_PRODUCTS_DIR; };
		783F75A921DCBA3900F573BA /* main.cc */ = {isa = PBXFileReference; lastKnownFileType = sourcecode.cpp.cpp; path = main.cc; sourceTree = "<group>"; };
		783F768521DDE8D000F573BA /* Ch_f1_8k.pcm */ = {isa = PBXFileReference; lastKnownFileType = file; path = Ch_f1_8k.pcm; sourceTree = "<group>"; };
		783F775121DE0E7E00F573BA /* gainpred.c */ = {isa = PBXFileReference; fileEncoding = 4; lastKnownFileType = sourcecode.c.c; path = gainpred.c; sourceTree = "<group>"; };
		783F775221DE0E7E00F573BA /* basic_op.h */ = {isa = PBXFileReference; fileEncoding = 4; lastKnownFileType = sourcecode.c.h; path = basic_op.h; sourceTree = "<group>"; };
		783F775321DE0E7E00F573BA /* taming.c */ = {isa = PBXFileReference; fileEncoding = 4; lastKnownFileType = sourcecode.c.c; path = taming.c; sourceTree = "<group>"; };
		783F775421DE0E7E00F573BA /* oper_32b.h */ = {isa = PBXFileReference; fileEncoding = 4; lastKnownFileType = sourcecode.c.h; path = oper_32b.h; sourceTree = "<group>"; };
		783F775521DE0E7E00F573BA /* ld8a.h */ = {isa = PBXFileReference; fileEncoding = 4; lastKnownFileType = sourcecode.c.h; path = ld8a.h; sourceTree = "<group>"; };
		783F775621DE0E7E00F573BA /* cod_ld8a.c */ = {isa = PBXFileReference; fileEncoding = 4; lastKnownFileType = sourcecode.c.c; path = cod_ld8a.c; sourceTree = "<group>"; };
		783F775721DE0E7E00F573BA /* util.c */ = {isa = PBXFileReference; fileEncoding = 4; lastKnownFileType = sourcecode.c.c; path = util.c; sourceTree = "<group>"; };
		783F775821DE0E7E00F573BA /* p_parity.c */ = {isa = PBXFileReference; fileEncoding = 4; lastKnownFileType = sourcecode.c.c; path = p_parity.c; sourceTree = "<group>"; };
		783F775921DE0E7E00F573BA /* bits.c */ = {isa = PBXFileReference; fileEncoding = 4; lastKnownFileType = sourcecode.c.c; path = bits.c; sourceTree = "<group>"; };
		783F775A21DE0E7E00F573BA /* tab_ld8a.c */ = {isa = PBXFileReference; fileEncoding = 4; lastKnownFileType = sourcecode.c.c; path = tab_ld8a.c; sourceTree = "<group>"; };
		783F775B21DE0E7E00F573BA /* postfilt.c */ = {isa = PBXFileReference; fileEncoding = 4; lastKnownFileType = sourcecode.c.c; path = postfilt.c; sourceTree = "<group>"; };
		783F775C21DE0E7E00F573BA /* lspgetq.c */ = {isa = PBXFileReference; fileEncoding = 4; lastKnownFileType = sourcecode.c.c; path = lspgetq.c; sourceTree = "<group>"; };
		783F775D21DE0E7E00F573BA /* coder.c */ = {isa = PBXFileReference; fileEncoding = 4; lastKnownFileType = sourcecode.c.c; path = coder.c; sourceTree = "<group>"; };
		783F775E21DE0E7E00F573BA /* filter.c */ = {isa = PBXFileReference; fileEncoding = 4; lastKnownFileType = sourcecode.c.c; path = filter.c; sourceTree = "<group>"; };
		783F775F21DE0E7E00F573BA /* qua_gain.c */ = {isa = PBXFileReference; fileEncoding = 4; lastKnownFileType = sourcecode.c.c; path = qua_gain.c; sourceTree = "<group>"; };
		783F776021DE0E7E00F573BA /* decoder.mak */ = {isa = PBXFileReference; fileEncoding = 4; lastKnownFileType = sourcecode.make; path = decoder.mak; sourceTree = "<group>"; };
		783F776121DE0E7E00F573BA /* lspdec.c */ = {isa = PBXFileReference; fileEncoding = 4; lastKnownFileType = sourcecode.c.c; path = lspdec.c; sourceTree = "<group>"; };
		783F776221DE0E7E00F573BA /* oper_32b.c */ = {isa = PBXFileReference; fileEncoding = 4; lastKnownFileType = sourcecode.c.c; path = oper_32b.c; sourceTree = "<group>"; };
		783F776321DE0E7E00F573BA /* dec_gain.c */ = {isa = PBXFileReference; fileEncoding = 4; lastKnownFileType = sourcecode.c.c; path = dec_gain.c; sourceTree = "<group>"; };
		783F776421DE0E7E00F573BA /* basic_op.c */ = {isa = PBXFileReference; fileEncoding = 4; lastKnownFileType = sourcecode.c.c; path = basic_op.c; sourceTree = "<group>"; };
		783F776521DE0E7E00F573BA /* acelp_ca.c */ = {isa = PBXFileReference; fileEncoding = 4; lastKnownFileType = sourcecode.c.c; path = acelp_ca.c; sourceTree = "<group>"; };
		783F776621DE0E7E00F573BA /* rename.sh */ = {isa = PBXFileReference; fileEncoding = 4; lastKnownFileType = text.script.sh; path = rename.sh; sourceTree = "<group>"; };
		783F776721DE0E7E00F573BA /* dspfunc.c */ = {isa = PBXFileReference; fileEncoding = 4; lastKnownFileType = sourcecode.c.c; path = dspfunc.c; sourceTree = "<group>"; };
		783F776821DE0E7E00F573BA /* readme.txt */ = {isa = PBXFileReference; fileEncoding = 4; lastKnownFileType = text; path = readme.txt; sourceTree = "<group>"; };
		783F776921DE0E7E00F573BA /* post_pro.c */ = {isa = PBXFileReference; fileEncoding = 4; lastKnownFileType = sourcecode.c.c; path = post_pro.c; sourceTree = "<group>"; };
		783F776A21DE0E7E00F573BA /* dec_ld8a.c */ = {isa = PBXFileReference; fileEncoding = 4; lastKnownFileType = sourcecode.c.c; path = dec_ld8a.c; sourceTree = "<group>"; };
		783F776B21DE0E7E00F573BA /* coder.mak */ = {isa = PBXFileReference; fileEncoding = 4; lastKnownFileType = sourcecode.make; path = coder.mak; sourceTree = "<group>"; };
		783F776C21DE0E7E00F573BA /* de_acelp.c */ = {isa = PBXFileReference; fileEncoding = 4; lastKnownFileType = sourcecode.c.c; path = de_acelp.c; sourceTree = "<group>"; };
		783F776D21DE0E7E00F573BA /* cor_func.c */ = {isa = PBXFileReference; fileEncoding = 4; lastKnownFileType = sourcecode.c.c; path = cor_func.c; sourceTree = "<group>"; };
		783F776E21DE0E7E00F573BA /* decoder.c */ = {isa = PBXFileReference; fileEncoding = 4; lastKnownFileType = sourcecode.c.c; path = decoder.c; sourceTree = "<group>"; };
		783F776F21DE0E7E00F573BA /* dec_lag3.c */ = {isa = PBXFileReference; fileEncoding = 4; lastKnownFileType = sourcecode.c.c; path = dec_lag3.c; sourceTree = "<group>"; };
		783F777021DE0E7E00F573BA /* pitch_a.c */ = {isa = PBXFileReference; fileEncoding = 4; lastKnownFileType = sourcecode.c.c; path = pitch_a.c; sourceTree = "<group>"; };
		783F777121DE0E7E00F573BA /* pred_lt3.c */ = {isa = PBXFileReference; fileEncoding = 4; lastKnownFileType = sourcecode.c.c; path = pred_lt3.c; sourceTree = "<group>"; };
		783F777221DE0E7E00F573BA /* pre_proc.c */ = {isa = PBXFileReference; fileEncoding = 4; lastKnownFileType = sourcecode.c.c; path = pre_proc.c; sourceTree = "<group>"; };
		783F777321DE0E7E00F573BA /* lpc.c */ = {isa = PBXFileReference; fileEncoding = 4; lastKnownFileType = sourcecode.c.c; path = lpc.c; sourceTree = "<group>"; };
		783F777421DE0E7E00F573BA /* qua_lsp.c */ = {isa = PBXFileReference; fileEncoding = 4; lastKnownFileType = sourcecode.c.c; path = qua_lsp.c; sourceTree = "<group>"; };
		783F777521DE0E7E00F573BA /* tab_ld8a.h */ = {isa = PBXFileReference; fileEncoding = 4; lastKnownFileType = sourcecode.c.h; path = tab_ld8a.h; sourceTree = "<group>"; };
		783F777621DE0E7E00F573BA /* typedef.h */ = {isa = PBXFileReference; fileEncoding = 4; lastKnownFileType = sourcecode.c.h; path = typedef.h; sourceTree = "<group>"; };
		783F777721DE0E7E00F573BA /* lpcfunc.c */ = {isa = PBXFileReference; fileEncoding = 4; lastKnownFileType = sourcecode.c.c; path = lpcfunc.c; sourceTree = "<group>"; };
/* End PBXFileReference section */

/* Begin PBXFrameworksBuildPhase section */
		78260CC921F1C1ED00659ED5 /* Frameworks */ = {
			isa = PBXFrameworksBuildPhase;
			buildActionMask = 2147483647;
			files = (
			);
			runOnlyForDeploymentPostprocessing = 0;
		};
		783F75A321DCBA3900F573BA /* Frameworks */ = {
			isa = PBXFrameworksBuildPhase;
			buildActionMask = 2147483647;
			files = (
			);
			runOnlyForDeploymentPostprocessing = 0;
		};
/* End PBXFrameworksBuildPhase section */

/* Begin PBXGroup section */
		78260CCD21F1C1ED00659ED5 /* g729cpluss */ = {
			isa = PBXGroup;
			children = (
				78260CCE21F1C1ED00659ED5 /* main.cpp */,
			);
			path = g729cpluss;
			sourceTree = "<group>";
		};
		783F759D21DCBA3900F573BA = {
			isa = PBXGroup;
			children = (
				783F75A821DCBA3900F573BA /* g729codec */,
				78260CCD21F1C1ED00659ED5 /* g729cpluss */,
				783F75A721DCBA3900F573BA /* Products */,
			);
			sourceTree = "<group>";
		};
		783F75A721DCBA3900F573BA /* Products */ = {
			isa = PBXGroup;
			children = (
				783F75A621DCBA3900F573BA /* g729codec */,
				78260CCC21F1C1ED00659ED5 /* g729cpluss */,
			);
			name = Products;
			sourceTree = "<group>";
		};
		783F75A821DCBA3900F573BA /* g729codec */ = {
			isa = PBXGroup;
			children = (
				783F768521DDE8D000F573BA /* Ch_f1_8k.pcm */,
				783F775021DE0E7E00F573BA /* g729a */,
				783F75A921DCBA3900F573BA /* main.cc */,
			);
			path = g729codec;
			sourceTree = "<group>";
		};
		783F775021DE0E7E00F573BA /* g729a */ = {
			isa = PBXGroup;
			children = (
				783F775121DE0E7E00F573BA /* gainpred.c */,
				783F775221DE0E7E00F573BA /* basic_op.h */,
				783F775321DE0E7E00F573BA /* taming.c */,
				783F775421DE0E7E00F573BA /* oper_32b.h */,
				783F775521DE0E7E00F573BA /* ld8a.h */,
				783F775621DE0E7E00F573BA /* cod_ld8a.c */,
				783F775721DE0E7E00F573BA /* util.c */,
				783F775821DE0E7E00F573BA /* p_parity.c */,
				783F775921DE0E7E00F573BA /* bits.c */,
				783F775A21DE0E7E00F573BA /* tab_ld8a.c */,
				783F775B21DE0E7E00F573BA /* postfilt.c */,
				783F775C21DE0E7E00F573BA /* lspgetq.c */,
				783F775E21DE0E7E00F573BA /* filter.c */,
				783F775F21DE0E7E00F573BA /* qua_gain.c */,
				783F776021DE0E7E00F573BA /* decoder.mak */,
				783F776121DE0E7E00F573BA /* lspdec.c */,
				783F776221DE0E7E00F573BA /* oper_32b.c */,
				783F776321DE0E7E00F573BA /* dec_gain.c */,
				783F776421DE0E7E00F573BA /* basic_op.c */,
				783F776521DE0E7E00F573BA /* acelp_ca.c */,
				783F776621DE0E7E00F573BA /* rename.sh */,
				783F776721DE0E7E00F573BA /* dspfunc.c */,
				783F776821DE0E7E00F573BA /* readme.txt */,
				783F776921DE0E7E00F573BA /* post_pro.c */,
				783F776A21DE0E7E00F573BA /* dec_ld8a.c */,
				783F776B21DE0E7E00F573BA /* coder.mak */,
				783F776C21DE0E7E00F573BA /* de_acelp.c */,
				783F776D21DE0E7E00F573BA /* cor_func.c */,
				783F776F21DE0E7E00F573BA /* dec_lag3.c */,
				783F777021DE0E7E00F573BA /* pitch_a.c */,
				783F777121DE0E7E00F573BA /* pred_lt3.c */,
				783F777221DE0E7E00F573BA /* pre_proc.c */,
				783F777321DE0E7E00F573BA /* lpc.c */,
				783F777421DE0E7E00F573BA /* qua_lsp.c */,
				783F777521DE0E7E00F573BA /* tab_ld8a.h */,
				783F777621DE0E7E00F573BA /* typedef.h */,
				783F777721DE0E7E00F573BA /* lpcfunc.c */,
				783F775D21DE0E7E00F573BA /* coder.c */,
				783F776E21DE0E7E00F573BA /* decoder.c */,
				78260CC621F1B99E00659ED5 /* G729Codec.h */,
				78260CC521F1B99E00659ED5 /* G729Codec.cpp */,
			);
			path = g729a;
			sourceTree = "<group>";
		};
/* End PBXGroup section */

/* Begin PBXNativeTarget section */
		78260CCB21F1C1ED00659ED5 /* g729cpluss */ = {
			isa = PBXNativeTarget;
			buildConfigurationList = 78260CD021F1C1ED00659ED5 /* Build configuration list for PBXNativeTarget "g729cpluss" */;
			buildPhases = (
				78260CC821F1C1ED00659ED5 /* Sources */,
				78260CC921F1C1ED00659ED5 /* Frameworks */,
				78260CCA21F1C1ED00659ED5 /* CopyFiles */,
			);
			buildRules = (
			);
			dependencies = (
			);
			name = g729cpluss;
			productName = g729cpluss;
			productReference = 78260CCC21F1C1ED00659ED5 /* g729cpluss */;
			productType = "com.apple.product-type.tool";
		};
		783F75A521DCBA3900F573BA /* g729codec */ = {
			isa = PBXNativeTarget;
			buildConfigurationList = 783F75AD21DCBA3900F573BA /* Build configuration list for PBXNativeTarget "g729codec" */;
			buildPhases = (
				783F75A221DCBA3900F573BA /* Sources */,
				783F75A321DCBA3900F573BA /* Frameworks */,
				783F75A421DCBA3900F573BA /* Copy Files */,
			);
			buildRules = (
			);
			dependencies = (
			);
			name = g729codec;
			productName = g729codec;
			productReference = 783F75A621DCBA3900F573BA /* g729codec */;
			productType = "com.apple.product-type.tool";
		};
/* End PBXNativeTarget section */

/* Begin PBXProject section */
		783F759E21DCBA3900F573BA /* Project object */ = {
			isa = PBXProject;
			attributes = {
				LastUpgradeCheck = 1010;
				ORGANIZATIONNAME = JFChen;
				TargetAttributes = {
					78260CCB21F1C1ED00659ED5 = {
						CreatedOnToolsVersion = 10.1;
					};
					783F75A521DCBA3900F573BA = {
						CreatedOnToolsVersion = 10.1;
					};
				};
			};
			buildConfigurationList = 783F75A121DCBA3900F573BA /* Build configuration list for PBXProject "g729codec" */;
			compatibilityVersion = "Xcode 9.3";
			developmentRegion = en;
			hasScannedForEncodings = 0;
			knownRegions = (
				en,
			);
			mainGroup = 783F759D21DCBA3900F573BA;
			productRefGroup = 783F75A721DCBA3900F573BA /* Products */;
			projectDirPath = "";
			projectRoot = "";
			targets = (
				783F75A521DCBA3900F573BA /* g729codec */,
				78260CCB21F1C1ED00659ED5 /* g729cpluss */,
			);
		};
/* End PBXProject section */

/* Begin PBXSourcesBuildPhase section */
		78260CC821F1C1ED00659ED5 /* Sources */ = {
			isa = PBXSourcesBuildPhase;
			buildActionMask = 2147483647;
			files = (
				78260CCF21F1C1ED00659ED5 /* main.cpp in Sources */,
			);
			runOnlyForDeploymentPostprocessing = 0;
		};
		783F75A221DCBA3900F573BA /* Sources */ = {
			isa = PBXSourcesBuildPhase;
			buildActionMask = 2147483647;
			files = (
				783F778021DE0E7E00F573BA /* lspgetq.c in Sources */,
				783F778C21DE0E7E00F573BA /* dec_ld8a.c in Sources */,
				783F779021DE0E7E00F573BA /* decoder.c in Sources */,
				783F777B21DE0E7E00F573BA /* util.c in Sources */,
				783F777921DE0E7E00F573BA /* taming.c in Sources */,
				78260CC721F1B99E00659ED5 /* G729Codec.cpp in Sources */,
				783F777E21DE0E7E00F573BA /* tab_ld8a.c in Sources */,
				783F777A21DE0E7E00F573BA /* cod_ld8a.c in Sources */,
				783F779421DE0E7E00F573BA /* pre_proc.c in Sources */,
				783F778921DE0E7E00F573BA /* acelp_ca.c in Sources */,
				783F777C21DE0E7E00F573BA /* p_parity.c in Sources */,
				783F778121DE0E7E00F573BA /* coder.c in Sources */,
				783F778F21DE0E7E00F573BA /* cor_func.c in Sources */,
				783F778621DE0E7E00F573BA /* oper_32b.c in Sources */,
				783F778221DE0E7E00F573BA /* filter.c in Sources */,
				783F779621DE0E7E00F573BA /* qua_lsp.c in Sources */,
				783F779221DE0E7E00F573BA /* pitch_a.c in Sources */,
				783F777D21DE0E7E00F573BA /* bits.c in Sources */,
				783F778721DE0E7E00F573BA /* dec_gain.c in Sources */,
				783F778321DE0E7E00F573BA /* qua_gain.c in Sources */,
				783F778B21DE0E7E00F573BA /* post_pro.c in Sources */,
				783F778E21DE0E7E00F573BA /* de_acelp.c in Sources */,
				783F75AA21DCBA3900F573BA /* main.cc in Sources */,
				783F777821DE0E7E00F573BA /* gainpred.c in Sources */,
				783F779721DE0E7E00F573BA /* lpcfunc.c in Sources */,
				783F778821DE0E7E00F573BA /* basic_op.c in Sources */,
				783F778A21DE0E7E00F573BA /* dspfunc.c in Sources */,
				783F779121DE0E7E00F573BA /* dec_lag3.c in Sources */,
				783F779521DE0E7E00F573BA /* lpc.c in Sources */,
				783F779321DE0E7E00F573BA /* pred_lt3.c in Sources */,
				783F778521DE0E7E00F573BA /* lspdec.c in Sources */,
				783F777F21DE0E7E00F573BA /* postfilt.c in Sources */,
			);
			runOnlyForDeploymentPostprocessing = 0;
		};
/* End PBXSourcesBuildPhase section */

/* Begin XCBuildConfiguration section */
		78260CD121F1C1ED00659ED5 /* Debug */ = {
			isa = XCBuildConfiguration;
			buildSettings = {
				CODE_SIGN_STYLE = Automatic;
				DEVELOPMENT_TEAM = 67Q24N9KP5;
				PRODUCT_NAME = "$(TARGET_NAME)";
			};
			name = Debug;
		};
		78260CD221F1C1ED00659ED5 /* Release */ = {
			isa = XCBuildConfiguration;
			buildSettings = {
				CODE_SIGN_STYLE = Automatic;
				DEVELOPMENT_TEAM = 67Q24N9KP5;
				PRODUCT_NAME = "$(TARGET_NAME)";
			};
			name = Release;
		};
		783F75AB21DCBA3900F573BA /* Debug */ = {
			isa = XCBuildConfiguration;
			buildSettings = {
				ALWAYS_SEARCH_USER_PATHS = NO;
				CLANG_ANALYZER_NONNULL = YES;
				CLANG_ANALYZER_NUMBER_OBJECT_CONVERSION = YES_AGGRESSIVE;
				CLANG_CXX_LANGUAGE_STANDARD = "gnu++14";
				CLANG_CXX_LIBRARY = "libc++";
				CLANG_ENABLE_MODULES = YES;
				CLANG_ENABLE_OBJC_ARC = YES;
				CLANG_ENABLE_OBJC_WEAK = YES;
				CLANG_WARN_BLOCK_CAPTURE_AUTORELEASING = YES;
				CLANG_WARN_BOOL_CONVERSION = YES;
				CLANG_WARN_COMMA = YES;
				CLANG_WARN_CONSTANT_CONVERSION = YES;
				CLANG_WARN_DEPRECATED_OBJC_IMPLEMENTATIONS = YES;
				CLANG_WARN_DIRECT_OBJC_ISA_USAGE = YES_ERROR;
				CLANG_WARN_DOCUMENTATION_COMMENTS = YES;
				CLANG_WARN_EMPTY_BODY = YES;
				CLANG_WARN_ENUM_CONVERSION = YES;
				CLANG_WARN_INFINITE_RECURSION = YES;
				CLANG_WARN_INT_CONVERSION = YES;
				CLANG_WARN_NON_LITERAL_NULL_CONVERSION = YES;
				CLANG_WARN_OBJC_IMPLICIT_RETAIN_SELF = YES;
				CLANG_WARN_OBJC_LITERAL_CONVERSION = YES;
				CLANG_WARN_OBJC_ROOT_CLASS = YES_ERROR;
				CLANG_WARN_RANGE_LOOP_ANALYSIS = YES;
				CLANG_WARN_STRICT_PROTOTYPES = YES;
				CLANG_WARN_SUSPICIOUS_MOVE = YES;
				CLANG_WARN_UNGUARDED_AVAILABILITY = YES_AGGRESSIVE;
				CLANG_WARN_UNREACHABLE_CODE = YES;
				CLANG_WARN__DUPLICATE_METHOD_MATCH = YES;
				CODE_SIGN_IDENTITY = "Mac Developer";
				COPY_PHASE_STRIP = NO;
				DEBUG_INFORMATION_FORMAT = dwarf;
				ENABLE_STRICT_OBJC_MSGSEND = YES;
				ENABLE_TESTABILITY = YES;
				GCC_C_LANGUAGE_STANDARD = gnu11;
				GCC_DYNAMIC_NO_PIC = NO;
				GCC_NO_COMMON_BLOCKS = YES;
				GCC_OPTIMIZATION_LEVEL = 0;
				GCC_PREPROCESSOR_DEFINITIONS = (
					"DEBUG=1",
					"$(inherited)",
				);
				GCC_WARN_64_TO_32_BIT_CONVERSION = YES;
				GCC_WARN_ABOUT_RETURN_TYPE = YES_ERROR;
				GCC_WARN_UNDECLARED_SELECTOR = YES;
				GCC_WARN_UNINITIALIZED_AUTOS = YES_AGGRESSIVE;
				GCC_WARN_UNUSED_FUNCTION = YES;
				GCC_WARN_UNUSED_VARIABLE = YES;
				MACOSX_DEPLOYMENT_TARGET = 10.14;
				MTL_ENABLE_DEBUG_INFO = INCLUDE_SOURCE;
				MTL_FAST_MATH = YES;
				ONLY_ACTIVE_ARCH = YES;
				SDKROOT = macosx;
			};
			name = Debug;
		};
		783F75AC21DCBA3900F573BA /* Release */ = {
			isa = XCBuildConfiguration;
			buildSettings = {
				ALWAYS_SEARCH_USER_PATHS = NO;
				CLANG_ANALYZER_NONNULL = YES;
				CLANG_ANALYZER_NUMBER_OBJECT_CONVERSION = YES_AGGRESSIVE;
				CLANG_CXX_LANGUAGE_STANDARD = "gnu++14";
				CLANG_CXX_LIBRARY = "libc++";
				CLANG_ENABLE_MODULES = YES;
				CLANG_ENABLE_OBJC_ARC = YES;
				CLANG_ENABLE_OBJC_WEAK = YES;
				CLANG_WARN_BLOCK_CAPTURE_AUTORELEASING = YES;
				CLANG_WARN_BOOL_CONVERSION = YES;
				CLANG_WARN_COMMA = YES;
				CLANG_WARN_CONSTANT_CONVERSION = YES;
				CLANG_WARN_DEPRECATED_OBJC_IMPLEMENTATIONS = YES;
				CLANG_WARN_DIRECT_OBJC_ISA_USAGE = YES_ERROR;
				CLANG_WARN_DOCUMENTATION_COMMENTS = YES;
				CLANG_WARN_EMPTY_BODY = YES;
				CLANG_WARN_ENUM_CONVERSION = YES;
				CLANG_WARN_INFINITE_RECURSION = YES;
				CLANG_WARN_INT_CONVERSION = YES;
				CLANG_WARN_NON_LITERAL_NULL_CONVERSION = YES;
				CLANG_WARN_OBJC_IMPLICIT_RETAIN_SELF = YES;
				CLANG_WARN_OBJC_LITERAL_CONVERSION = YES;
				CLANG_WARN_OBJC_ROOT_CLASS = YES_ERROR;
				CLANG_WARN_RANGE_LOOP_ANALYSIS = YES;
				CLANG_WARN_STRICT_PROTOTYPES = YES;
				CLANG_WARN_SUSPICIOUS_MOVE = YES;
				CLANG_WARN_UNGUARDED_AVAILABILITY = YES_AGGRESSIVE;
				CLANG_WARN_UNREACHABLE_CODE = YES;
				CLANG_WARN__DUPLICATE_METHOD_MATCH = YES;
				CODE_SIGN_IDENTITY = "Mac Developer";
				COPY_PHASE_STRIP = NO;
				DEBUG_INFORMATION_FORMAT = "dwarf-with-dsym";
				ENABLE_NS_ASSERTIONS = NO;
				ENABLE_STRICT_OBJC_MSGSEND = YES;
				GCC_C_LANGUAGE_STANDARD = gnu11;
				GCC_NO_COMMON_BLOCKS = YES;
				GCC_WARN_64_TO_32_BIT_CONVERSION = YES;
				GCC_WARN_ABOUT_RETURN_TYPE = YES_ERROR;
				GCC_WARN_UNDECLARED_SELECTOR = YES;
				GCC_WARN_UNINITIALIZED_AUTOS = YES_AGGRESSIVE;
				GCC_WARN_UNUSED_FUNCTION = YES;
				GCC_WARN_UNUSED_VARIABLE = YES;
				MACOSX_DEPLOYMENT_TARGET = 10.14;
				MTL_ENABLE_DEBUG_INFO = NO;
				MTL_FAST_MATH = YES;
				SDKROOT = macosx;
			};
			name = Release;
		};
		783F75AE21DCBA3900F573BA /* Debug */ = {
			isa = XCBuildConfiguration;
			buildSettings = {
				CODE_SIGN_STYLE = Automatic;
				DEVELOPMENT_TEAM = 67Q24N9KP5;
				PRODUCT_NAME = "$(TARGET_NAME)";
			};
			name = Debug;
		};
		783F75AF21DCBA3900F573BA /* Release */ = {
			isa = XCBuildConfiguration;
			buildSettings = {
				CODE_SIGN_STYLE = Automatic;
				DEVELOPMENT_TEAM = 67Q24N9KP5;
				PRODUCT_NAME = "$(TARGET_NAME)";
			};
			name = Release;
		};
/* End XCBuildConfiguration section */

/* Begin XCConfigurationList section */
		78260CD021F1C1ED00659ED5 /* Build configuration list for PBXNativeTarget "g729cpluss" */ = {
			isa = XCConfigurationList;
			buildConfigurations = (
				78260CD121F1C1ED00659ED5 /* Debug */,
				78260CD221F1C1ED00659ED5 /* Release */,
			);
			defaultConfigurationIsVisible = 0;
			defaultConfigurationName = Release;
		};
		783F75A121DCBA3900F573BA /* Build configuration list for PBXProject "g729codec" */ = {
			isa = XCConfigurationList;
			buildConfigurations = (
				783F75AB21DCBA3900F573BA /* Debug */,
				783F75AC21DCBA3900F573BA /* Release */,
			);
			defaultConfigurationIsVisible = 0;
			defaultConfigurationName = Release;
		};
		783F75AD21DCBA3900F573BA /* Build configuration list for PBXNativeTarget "g729codec" */ = {
			isa = XCConfigurationList;
			buildConfigurations = (
				783F75AE21DCBA3900F573BA /* Debug */,
				783F75AF21DCBA3900F573BA /* Release */,
			);
			defaultConfigurationIsVisible = 0;
			defaultConfigurationName = Release;
		};
/* End XCConfigurationList section */
	};
	rootObject = 783F759E21DCBA3900F573BA /* Project object */;
}
