// !$*UTF8*$!
{
	archiveVersion = 1;
	classes = {
	};
	objectVersion = 50;
	objects = {

/* Begin PBXBuildFile section */
		7805D44221F40ED800194C98 /* dsp.c in Sources */ = {isa = PBXBuildFile; fileRef = 7805D43821F40ED800194C98 /* dsp.c */; };
		7805D44421F40ED800194C98 /* pesqmain.c in Sources */ = {isa = PBXBuildFile; fileRef = 7805D43A21F40ED800194C98 /* pesqmain.c */; };
		7805D44521F40ED800194C98 /* pesqio.c in Sources */ = {isa = PBXBuildFile; fileRef = 7805D43C21F40ED800194C98 /* pesqio.c */; };
		7805D44621F40ED800194C98 /* pesqmod.c in Sources */ = {isa = PBXBuildFile; fileRef = 7805D43D21F40ED800194C98 /* pesqmod.c */; };
		7805D44721F40ED800194C98 /* pesqdsp.c in Sources */ = {isa = PBXBuildFile; fileRef = 7805D44121F40ED800194C98 /* pesqdsp.c */; };
		7805D44A21F4121A00194C98 /* pesq_calculate.cc in Sources */ = {isa = PBXBuildFile; fileRef = 7805D44821F4121A00194C98 /* pesq_calculate.cc */; };
		7805D44E21F416BE00194C98 /* waveoperator.cc in Sources */ = {isa = PBXBuildFile; fileRef = 7805D44C21F416BE00194C98 /* waveoperator.cc */; };
		7805D45021F4193200194C98 /* Ch_f1_8k.wav in Copy Files */ = {isa = PBXBuildFile; fileRef = 7805D44F21F4192400194C98 /* Ch_f1_8k.wav */; };
		78260DD921F55FD600659ED5 /* tabld8cp.c in Sources */ = {isa = PBXBuildFile; fileRef = 78260D9D21F55FD600659ED5 /* tabld8cp.c */; };
		78260DDA21F55FD600659ED5 /* gainpred.c in Sources */ = {isa = PBXBuildFile; fileRef = 78260D9E21F55FD600659ED5 /* gainpred.c */; };
		78260DDB21F55FD600659ED5 /* coderi.c in Sources */ = {isa = PBXBuildFile; fileRef = 78260DA021F55FD600659ED5 /* coderi.c */; };
		78260DDC21F55FD600659ED5 /* taming.c in Sources */ = {isa = PBXBuildFile; fileRef = 78260DA121F55FD600659ED5 /* taming.c */; };
		78260DDD21F55FD600659ED5 /* pwf.c in Sources */ = {isa = PBXBuildFile; fileRef = 78260DA221F55FD600659ED5 /* pwf.c */; };
		78260DDE21F55FD600659ED5 /* q_gaincp.c in Sources */ = {isa = PBXBuildFile; fileRef = 78260DA521F55FD600659ED5 /* q_gaincp.c */; };
		78260DDF21F55FD600659ED5 /* dec_sid.c in Sources */ = {isa = PBXBuildFile; fileRef = 78260DA621F55FD600659ED5 /* dec_sid.c */; };
		78260DE021F55FD600659ED5 /* degaincp.c in Sources */ = {isa = PBXBuildFile; fileRef = 78260DA721F55FD600659ED5 /* degaincp.c */; };
		78260DE121F55FD600659ED5 /* codld8cp.c in Sources */ = {isa = PBXBuildFile; fileRef = 78260DA821F55FD600659ED5 /* codld8cp.c */; };
		78260DE221F55FD600659ED5 /* lspdece.c in Sources */ = {isa = PBXBuildFile; fileRef = 78260DA921F55FD600659ED5 /* lspdece.c */; };
		78260DE321F55FD600659ED5 /* bitscp.c in Sources */ = {isa = PBXBuildFile; fileRef = 78260DAA21F55FD600659ED5 /* bitscp.c */; };
		78260DE421F55FD600659ED5 /* p_parity.c in Sources */ = {isa = PBXBuildFile; fileRef = 78260DAB21F55FD600659ED5 /* p_parity.c */; };
		78260DE521F55FD600659ED5 /* dtx.c in Sources */ = {isa = PBXBuildFile; fileRef = 78260DAC21F55FD600659ED5 /* dtx.c */; };
		78260DE621F55FD600659ED5 /* filtere.c in Sources */ = {isa = PBXBuildFile; fileRef = 78260DAD21F55FD600659ED5 /* filtere.c */; };
		78260DE721F55FD600659ED5 /* pstcp.c in Sources */ = {isa = PBXBuildFile; fileRef = 78260DAE21F55FD600659ED5 /* pstcp.c */; };
		78260DE821F55FD600659ED5 /* tab_ld8k.c in Sources */ = {isa = PBXBuildFile; fileRef = 78260DAF21F55FD600659ED5 /* tab_ld8k.c */; };
		78260DE921F55FD600659ED5 /* decoderi.c in Sources */ = {isa = PBXBuildFile; fileRef = 78260DB221F55FD600659ED5 /* decoderi.c */; };
		78260DEA21F55FD600659ED5 /* qsidlsf.c in Sources */ = {isa = PBXBuildFile; fileRef = 78260DB321F55FD600659ED5 /* qsidlsf.c */; };
		78260DEB21F55FD600659ED5 /* oper_32b.c in Sources */ = {isa = PBXBuildFile; fileRef = 78260DB421F55FD600659ED5 /* oper_32b.c */; };
		78260DEC21F55FD600659ED5 /* phdisp.c in Sources */ = {isa = PBXBuildFile; fileRef = 78260DB621F55FD600659ED5 /* phdisp.c */; };
		78260DED21F55FD600659ED5 /* utilcp.c in Sources */ = {isa = PBXBuildFile; fileRef = 78260DB721F55FD600659ED5 /* utilcp.c */; };
		78260DEE21F55FD600659ED5 /* basic_op.c in Sources */ = {isa = PBXBuildFile; fileRef = 78260DB821F55FD600659ED5 /* basic_op.c */; };
		78260DEF21F55FD600659ED5 /* qsidgain.c in Sources */ = {isa = PBXBuildFile; fileRef = 78260DBA21F55FD600659ED5 /* qsidgain.c */; };
		78260DF021F55FD600659ED5 /* decld8cp.c in Sources */ = {isa = PBXBuildFile; fileRef = 78260DBB21F55FD600659ED5 /* decld8cp.c */; };
		78260DF121F55FD600659ED5 /* mus_dtct.c in Sources */ = {isa = PBXBuildFile; fileRef = 78260DBC21F55FD600659ED5 /* mus_dtct.c */; };
		78260DF221F55FD600659ED5 /* pitchcp.c in Sources */ = {isa = PBXBuildFile; fileRef = 78260DBD21F55FD600659ED5 /* pitchcp.c */; };
		78260DF321F55FD600659ED5 /* dspfunc.c in Sources */ = {isa = PBXBuildFile; fileRef = 78260DBE21F55FD600659ED5 /* dspfunc.c */; };
		78260DF421F55FD600659ED5 /* pwfe.c in Sources */ = {isa = PBXBuildFile; fileRef = 78260DBF21F55FD600659ED5 /* pwfe.c */; };
		78260DF721F55FD600659ED5 /* track_pi.c in Sources */ = {isa = PBXBuildFile; fileRef = 78260DC321F55FD600659ED5 /* track_pi.c */; };
		78260DF821F55FD600659ED5 /* dacelpcp.c in Sources */ = {isa = PBXBuildFile; fileRef = 78260DC421F55FD600659ED5 /* dacelpcp.c */; };
		78260DF921F55FD600659ED5 /* post_pro.c in Sources */ = {isa = PBXBuildFile; fileRef = 78260DC721F55FD600659ED5 /* post_pro.c */; };
		78260DFA21F55FD600659ED5 /* bwfwfunc.c in Sources */ = {isa = PBXBuildFile; fileRef = 78260DC821F55FD600659ED5 /* bwfwfunc.c */; };
		78260DFB21F55FD600659ED5 /* acelp_cp.c in Sources */ = {isa = PBXBuildFile; fileRef = 78260DC921F55FD600659ED5 /* acelp_cp.c */; };
		78260DFC21F55FD600659ED5 /* declagcp.c in Sources */ = {isa = PBXBuildFile; fileRef = 78260DCB21F55FD600659ED5 /* declagcp.c */; };
		78260DFD21F55FD600659ED5 /* qua_lspe.c in Sources */ = {isa = PBXBuildFile; fileRef = 78260DCC21F55FD600659ED5 /* qua_lspe.c */; };
		78260DFE21F55FD600659ED5 /* calcexc.c in Sources */ = {isa = PBXBuildFile; fileRef = 78260DCE21F55FD600659ED5 /* calcexc.c */; };
		78260DFF21F55FD600659ED5 /* pred_lt3.c in Sources */ = {isa = PBXBuildFile; fileRef = 78260DCF21F55FD600659ED5 /* pred_lt3.c */; };
		78260E0021F55FD600659ED5 /* tab_dtx.c in Sources */ = {isa = PBXBuildFile; fileRef = 78260DD021F55FD600659ED5 /* tab_dtx.c */; };
		78260E0121F55FD600659ED5 /* pre_proc.c in Sources */ = {isa = PBXBuildFile; fileRef = 78260DD121F55FD600659ED5 /* pre_proc.c */; };
		78260E0221F55FD600659ED5 /* vad.c in Sources */ = {isa = PBXBuildFile; fileRef = 78260DD221F55FD600659ED5 /* vad.c */; };
		78260E0321F55FD600659ED5 /* lpccp.c in Sources */ = {isa = PBXBuildFile; fileRef = 78260DD321F55FD600659ED5 /* lpccp.c */; };
		78260E0421F55FD600659ED5 /* lspgetqe.c in Sources */ = {isa = PBXBuildFile; fileRef = 78260DD421F55FD600659ED5 /* lspgetqe.c */; };
		78260E0521F55FD600659ED5 /* bwfw.c in Sources */ = {isa = PBXBuildFile; fileRef = 78260DD721F55FD600659ED5 /* bwfw.c */; };
		78260E0621F55FD600659ED5 /* lpcfunc.c in Sources */ = {isa = PBXBuildFile; fileRef = 78260DD821F55FD600659ED5 /* lpcfunc.c */; };
		78260E0E21F5A20500659ED5 /* main.cc in Sources */ = {isa = PBXBuildFile; fileRef = 78260E0D21F5A20500659ED5 /* main.cc */; };
		78260E1221F5A22F00659ED5 /* waveoperator.cc in Sources */ = {isa = PBXBuildFile; fileRef = 7805D44C21F416BE00194C98 /* waveoperator.cc */; };
		78260E1321F5A23A00659ED5 /* pesq_calculate.cc in Sources */ = {isa = PBXBuildFile; fileRef = 7805D44821F4121A00194C98 /* pesq_calculate.cc */; };
		78260E1421F5A23A00659ED5 /* dsp.c in Sources */ = {isa = PBXBuildFile; fileRef = 7805D43821F40ED800194C98 /* dsp.c */; };
		78260E1521F5A23A00659ED5 /* pesqmain.c in Sources */ = {isa = PBXBuildFile; fileRef = 7805D43A21F40ED800194C98 /* pesqmain.c */; };
		78260E1621F5A23A00659ED5 /* pesqmod.c in Sources */ = {isa = PBXBuildFile; fileRef = 7805D43D21F40ED800194C98 /* pesqmod.c */; };
		78260E1721F5A23A00659ED5 /* pesqdsp.c in Sources */ = {isa = PBXBuildFile; fileRef = 7805D44121F40ED800194C98 /* pesqdsp.c */; };
		78260E1821F5A23A00659ED5 /* pesqio.c in Sources */ = {isa = PBXBuildFile; fileRef = 7805D43C21F40ED800194C98 /* pesqio.c */; };
		78260E4521F5A25400659ED5 /* G729Codec.cpp in Sources */ = {isa = PBXBuildFile; fileRef = 78260E1A21F5A25400659ED5 /* G729Codec.cpp */; };
		78260E4621F5A25400659ED5 /* g729_main_test.cc in Sources */ = {isa = PBXBuildFile; fileRef = 78260E1B21F5A25400659ED5 /* g729_main_test.cc */; };
		78260E4721F5A25400659ED5 /* gainpred.c in Sources */ = {isa = PBXBuildFile; fileRef = 78260E1C21F5A25400659ED5 /* gainpred.c */; };
		78260E4821F5A25400659ED5 /* taming.c in Sources */ = {isa = PBXBuildFile; fileRef = 78260E1E21F5A25400659ED5 /* taming.c */; };
		78260E4921F5A25400659ED5 /* cod_ld8a.c in Sources */ = {isa = PBXBuildFile; fileRef = 78260E2121F5A25400659ED5 /* cod_ld8a.c */; };
		78260E4A21F5A25400659ED5 /* util.c in Sources */ = {isa = PBXBuildFile; fileRef = 78260E2221F5A25400659ED5 /* util.c */; };
		78260E4B21F5A25400659ED5 /* p_parity.c in Sources */ = {isa = PBXBuildFile; fileRef = 78260E2321F5A25400659ED5 /* p_parity.c */; };
		78260E4C21F5A25400659ED5 /* bits.c in Sources */ = {isa = PBXBuildFile; fileRef = 78260E2621F5A25400659ED5 /* bits.c */; };
		78260E4D21F5A25400659ED5 /* tab_ld8a.c in Sources */ = {isa = PBXBuildFile; fileRef = 78260E2721F5A25400659ED5 /* tab_ld8a.c */; };
		78260E4E21F5A25400659ED5 /* postfilt.c in Sources */ = {isa = PBXBuildFile; fileRef = 78260E2821F5A25400659ED5 /* postfilt.c */; };
		78260E4F21F5A25400659ED5 /* lspgetq.c in Sources */ = {isa = PBXBuildFile; fileRef = 78260E2921F5A25400659ED5 /* lspgetq.c */; };
		78260E5021F5A25400659ED5 /* coder.c in Sources */ = {isa = PBXBuildFile; fileRef = 78260E2A21F5A25400659ED5 /* coder.c */; };
		78260E5121F5A25400659ED5 /* filter.c in Sources */ = {isa = PBXBuildFile; fileRef = 78260E2B21F5A25400659ED5 /* filter.c */; };
		78260E5221F5A25400659ED5 /* qua_gain.c in Sources */ = {isa = PBXBuildFile; fileRef = 78260E2C21F5A25400659ED5 /* qua_gain.c */; };
		78260E5421F5A25400659ED5 /* lspdec.c in Sources */ = {isa = PBXBuildFile; fileRef = 78260E2E21F5A25400659ED5 /* lspdec.c */; };
		78260E5521F5A25400659ED5 /* oper_32b.c in Sources */ = {isa = PBXBuildFile; fileRef = 78260E2F21F5A25400659ED5 /* oper_32b.c */; };
		78260E5621F5A25400659ED5 /* dec_gain.c in Sources */ = {isa = PBXBuildFile; fileRef = 78260E3021F5A25400659ED5 /* dec_gain.c */; };
		78260E5721F5A25400659ED5 /* basic_op.c in Sources */ = {isa = PBXBuildFile; fileRef = 78260E3121F5A25400659ED5 /* basic_op.c */; };
		78260E5821F5A25400659ED5 /* acelp_ca.c in Sources */ = {isa = PBXBuildFile; fileRef = 78260E3221F5A25400659ED5 /* acelp_ca.c */; };
		78260E5921F5A25400659ED5 /* dspfunc.c in Sources */ = {isa = PBXBuildFile; fileRef = 78260E3421F5A25400659ED5 /* dspfunc.c */; };
		78260E5A21F5A25400659ED5 /* post_pro.c in Sources */ = {isa = PBXBuildFile; fileRef = 78260E3621F5A25400659ED5 /* post_pro.c */; };
		78260E5B21F5A25400659ED5 /* dec_ld8a.c in Sources */ = {isa = PBXBuildFile; fileRef = 78260E3721F5A25400659ED5 /* dec_ld8a.c */; };
		78260E5D21F5A25400659ED5 /* de_acelp.c in Sources */ = {isa = PBXBuildFile; fileRef = 78260E3921F5A25400659ED5 /* de_acelp.c */; };
		78260E5E21F5A25400659ED5 /* cor_func.c in Sources */ = {isa = PBXBuildFile; fileRef = 78260E3A21F5A25400659ED5 /* cor_func.c */; };
		78260E5F21F5A25400659ED5 /* decoder.c in Sources */ = {isa = PBXBuildFile; fileRef = 78260E3B21F5A25400659ED5 /* decoder.c */; };
		78260E6021F5A25400659ED5 /* dec_lag3.c in Sources */ = {isa = PBXBuildFile; fileRef = 78260E3C21F5A25400659ED5 /* dec_lag3.c */; };
		78260E6121F5A25400659ED5 /* pitch_a.c in Sources */ = {isa = PBXBuildFile; fileRef = 78260E3D21F5A25400659ED5 /* pitch_a.c */; };
		78260E6221F5A25400659ED5 /* pred_lt3.c in Sources */ = {isa = PBXBuildFile; fileRef = 78260E3E21F5A25400659ED5 /* pred_lt3.c */; };
		78260E6321F5A25400659ED5 /* pre_proc.c in Sources */ = {isa = PBXBuildFile; fileRef = 78260E3F21F5A25400659ED5 /* pre_proc.c */; };
		78260E6421F5A25400659ED5 /* lpc.c in Sources */ = {isa = PBXBuildFile; fileRef = 78260E4021F5A25400659ED5 /* lpc.c */; };
		78260E6521F5A25400659ED5 /* qua_lsp.c in Sources */ = {isa = PBXBuildFile; fileRef = 78260E4121F5A25400659ED5 /* qua_lsp.c */; };
		78260E6621F5A25400659ED5 /* lpcfunc.c in Sources */ = {isa = PBXBuildFile; fileRef = 78260E4421F5A25400659ED5 /* lpcfunc.c */; };
		783F75AA21DCBA3900F573BA /* main.cc in Sources */ = {isa = PBXBuildFile; fileRef = 783F75A921DCBA3900F573BA /* main.cc */; };
		783F768621DDE8E100F573BA /* Ch_f1_8k.pcm in Copy Files */ = {isa = PBXBuildFile; fileRef = 783F768521DDE8D000F573BA /* Ch_f1_8k.pcm */; };
/* End PBXBuildFile section */

/* Begin PBXCopyFilesBuildPhase section */
		78260E0921F5A20500659ED5 /* CopyFiles */ = {
			isa = PBXCopyFilesBuildPhase;
			buildActionMask = 2147483647;
			dstPath = /usr/share/man/man1/;
			dstSubfolderSpec = 0;
			files = (
			);
			runOnlyForDeploymentPostprocessing = 1;
		};
		783F75A421DCBA3900F573BA /* Copy Files */ = {
			isa = PBXCopyFilesBuildPhase;
			buildActionMask = 12;
			dstPath = "";
			dstSubfolderSpec = 16;
			files = (
				7805D45021F4193200194C98 /* Ch_f1_8k.wav in Copy Files */,
				783F768621DDE8E100F573BA /* Ch_f1_8k.pcm in Copy Files */,
			);
			name = "Copy Files";
			runOnlyForDeploymentPostprocessing = 0;
		};
/* End PBXCopyFilesBuildPhase section */

/* Begin PBXFileReference section */
		7805D43721F40ED800194C98 /* pesq.h */ = {isa = PBXFileReference; explicitFileType = sourcecode.c.h; fileEncoding = 4; path = pesq.h; sourceTree = "<group>"; };
		7805D43821F40ED800194C98 /* dsp.c */ = {isa = PBXFileReference; fileEncoding = 4; lastKnownFileType = sourcecode.c.c; path = dsp.c; sourceTree = "<group>"; };
		7805D43A21F40ED800194C98 /* pesqmain.c */ = {isa = PBXFileReference; fileEncoding = 4; lastKnownFileType = sourcecode.c.c; path = pesqmain.c; sourceTree = "<group>"; };
		7805D43B21F40ED800194C98 /* pesqpar.h */ = {isa = PBXFileReference; fileEncoding = 4; lastKnownFileType = sourcecode.c.h; path = pesqpar.h; sourceTree = "<group>"; };
		7805D43C21F40ED800194C98 /* pesqio.c */ = {isa = PBXFileReference; fileEncoding = 4; lastKnownFileType = sourcecode.c.c; path = pesqio.c; sourceTree = "<group>"; };
		7805D43D21F40ED800194C98 /* pesqmod.c */ = {isa = PBXFileReference; fileEncoding = 4; lastKnownFileType = sourcecode.c.c; path = pesqmod.c; sourceTree = "<group>"; };
		7805D43E21F40ED800194C98 /* dsp.h */ = {isa = PBXFileReference; fileEncoding = 4; lastKnownFileType = sourcecode.c.h; path = dsp.h; sourceTree = "<group>"; };
		7805D44121F40ED800194C98 /* pesqdsp.c */ = {isa = PBXFileReference; fileEncoding = 4; lastKnownFileType = sourcecode.c.c; path = pesqdsp.c; sourceTree = "<group>"; };
		7805D44821F4121A00194C98 /* pesq_calculate.cc */ = {isa = PBXFileReference; fileEncoding = 4; lastKnownFileType = sourcecode.cpp.cpp; path = pesq_calculate.cc; sourceTree = "<group>"; };
		7805D44921F4121A00194C98 /* pesq_calculate.h */ = {isa = PBXFileReference; fileEncoding = 4; lastKnownFileType = sourcecode.c.h; path = pesq_calculate.h; sourceTree = "<group>"; };
		7805D44C21F416BE00194C98 /* waveoperator.cc */ = {isa = PBXFileReference; fileEncoding = 4; lastKnownFileType = sourcecode.cpp.cpp; path = waveoperator.cc; sourceTree = "<group>"; };
		7805D44D21F416BE00194C98 /* waveoperator.h */ = {isa = PBXFileReference; fileEncoding = 4; lastKnownFileType = sourcecode.c.h; path = waveoperator.h; sourceTree = "<group>"; };
		7805D44F21F4192400194C98 /* Ch_f1_8k.wav */ = {isa = PBXFileReference; lastKnownFileType = audio.wav; path = Ch_f1_8k.wav; sourceTree = "<group>"; };
		78260D9D21F55FD600659ED5 /* tabld8cp.c */ = {isa = PBXFileReference; fileEncoding = 4; lastKnownFileType = sourcecode.c.c; path = tabld8cp.c; sourceTree = "<group>"; };
		78260D9E21F55FD600659ED5 /* gainpred.c */ = {isa = PBXFileReference; fileEncoding = 4; lastKnownFileType = sourcecode.c.c; path = gainpred.c; sourceTree = "<group>"; };
		78260D9F21F55FD600659ED5 /* basic_op.h */ = {isa = PBXFileReference; fileEncoding = 4; lastKnownFileType = sourcecode.c.h; path = basic_op.h; sourceTree = "<group>"; };
		78260DA021F55FD600659ED5 /* coderi.c */ = {isa = PBXFileReference; fileEncoding = 4; lastKnownFileType = sourcecode.c.c; path = coderi.c; sourceTree = "<group>"; };
		78260DA121F55FD600659ED5 /* taming.c */ = {isa = PBXFileReference; fileEncoding = 4; lastKnownFileType = sourcecode.c.c; path = taming.c; sourceTree = "<group>"; };
		78260DA221F55FD600659ED5 /* pwf.c */ = {isa = PBXFileReference; fileEncoding = 4; lastKnownFileType = sourcecode.c.c; path = pwf.c; sourceTree = "<group>"; };
		78260DA321F55FD600659ED5 /* oper_32b.h */ = {isa = PBXFileReference; fileEncoding = 4; lastKnownFileType = sourcecode.c.h; path = oper_32b.h; sourceTree = "<group>"; };
		78260DA421F55FD600659ED5 /* ld8k.h */ = {isa = PBXFileReference; fileEncoding = 4; lastKnownFileType = sourcecode.c.h; path = ld8k.h; sourceTree = "<group>"; };
		78260DA521F55FD600659ED5 /* q_gaincp.c */ = {isa = PBXFileReference; fileEncoding = 4; lastKnownFileType = sourcecode.c.c; path = q_gaincp.c; sourceTree = "<group>"; };
		78260DA621F55FD600659ED5 /* dec_sid.c */ = {isa = PBXFileReference; fileEncoding = 4; lastKnownFileType = sourcecode.c.c; path = dec_sid.c; sourceTree = "<group>"; };
		78260DA721F55FD600659ED5 /* degaincp.c */ = {isa = PBXFileReference; fileEncoding = 4; lastKnownFileType = sourcecode.c.c; path = degaincp.c; sourceTree = "<group>"; };
		78260DA821F55FD600659ED5 /* codld8cp.c */ = {isa = PBXFileReference; fileEncoding = 4; lastKnownFileType = sourcecode.c.c; path = codld8cp.c; sourceTree = "<group>"; };
		78260DA921F55FD600659ED5 /* lspdece.c */ = {isa = PBXFileReference; fileEncoding = 4; lastKnownFileType = sourcecode.c.c; path = lspdece.c; sourceTree = "<group>"; };
		78260DAA21F55FD600659ED5 /* bitscp.c */ = {isa = PBXFileReference; fileEncoding = 4; lastKnownFileType = sourcecode.c.c; path = bitscp.c; sourceTree = "<group>"; };
		78260DAB21F55FD600659ED5 /* p_parity.c */ = {isa = PBXFileReference; fileEncoding = 4; lastKnownFileType = sourcecode.c.c; path = p_parity.c; sourceTree = "<group>"; };
		78260DAC21F55FD600659ED5 /* dtx.c */ = {isa = PBXFileReference; fileEncoding = 4; lastKnownFileType = sourcecode.c.c; path = dtx.c; sourceTree = "<group>"; };
		78260DAD21F55FD600659ED5 /* filtere.c */ = {isa = PBXFileReference; fileEncoding = 4; lastKnownFileType = sourcecode.c.c; path = filtere.c; sourceTree = "<group>"; };
		78260DAE21F55FD600659ED5 /* pstcp.c */ = {isa = PBXFileReference; fileEncoding = 4; lastKnownFileType = sourcecode.c.c; path = pstcp.c; sourceTree = "<group>"; };
		78260DAF21F55FD600659ED5 /* tab_ld8k.c */ = {isa = PBXFileReference; fileEncoding = 4; lastKnownFileType = sourcecode.c.c; path = tab_ld8k.c; sourceTree = "<group>"; };
		78260DB021F55FD600659ED5 /* tab_dtx.h */ = {isa = PBXFileReference; fileEncoding = 4; lastKnownFileType = sourcecode.c.h; path = tab_dtx.h; sourceTree = "<group>"; };
		78260DB121F55FD600659ED5 /* vad.h */ = {isa = PBXFileReference; fileEncoding = 4; lastKnownFileType = sourcecode.c.h; path = vad.h; sourceTree = "<group>"; };
		78260DB221F55FD600659ED5 /* decoderi.c */ = {isa = PBXFileReference; fileEncoding = 4; lastKnownFileType = sourcecode.c.c; path = decoderi.c; sourceTree = "<group>"; };
		78260DB321F55FD600659ED5 /* qsidlsf.c */ = {isa = PBXFileReference; fileEncoding = 4; lastKnownFileType = sourcecode.c.c; path = qsidlsf.c; sourceTree = "<group>"; };
		78260DB421F55FD600659ED5 /* oper_32b.c */ = {isa = PBXFileReference; fileEncoding = 4; lastKnownFileType = sourcecode.c.c; path = oper_32b.c; sourceTree = "<group>"; };
		78260DB521F55FD600659ED5 /* bitstrea.txt */ = {isa = PBXFileReference; fileEncoding = 4; lastKnownFileType = text; path = bitstrea.txt; sourceTree = "<group>"; };
		78260DB621F55FD600659ED5 /* phdisp.c */ = {isa = PBXFileReference; fileEncoding = 4; lastKnownFileType = sourcecode.c.c; path = phdisp.c; sourceTree = "<group>"; };
		78260DB721F55FD600659ED5 /* utilcp.c */ = {isa = PBXFileReference; fileEncoding = 4; lastKnownFileType = sourcecode.c.c; path = utilcp.c; sourceTree = "<group>"; };
		78260DB821F55FD600659ED5 /* basic_op.c */ = {isa = PBXFileReference; fileEncoding = 4; lastKnownFileType = sourcecode.c.c; path = basic_op.c; sourceTree = "<group>"; };
		78260DB921F55FD600659ED5 /* tabld8cp.h */ = {isa = PBXFileReference; fileEncoding = 4; lastKnownFileType = sourcecode.c.h; path = tabld8cp.h; sourceTree = "<group>"; };
		78260DBA21F55FD600659ED5 /* qsidgain.c */ = {isa = PBXFileReference; fileEncoding = 4; lastKnownFileType = sourcecode.c.c; path = qsidgain.c; sourceTree = "<group>"; };
		78260DBB21F55FD600659ED5 /* decld8cp.c */ = {isa = PBXFileReference; fileEncoding = 4; lastKnownFileType = sourcecode.c.c; path = decld8cp.c; sourceTree = "<group>"; };
		78260DBC21F55FD600659ED5 /* mus_dtct.c */ = {isa = PBXFileReference; fileEncoding = 4; lastKnownFileType = sourcecode.c.c; path = mus_dtct.c; sourceTree = "<group>"; };
		78260DBD21F55FD600659ED5 /* pitchcp.c */ = {isa = PBXFileReference; fileEncoding = 4; lastKnownFileType = sourcecode.c.c; path = pitchcp.c; sourceTree = "<group>"; };
		78260DBE21F55FD600659ED5 /* dspfunc.c */ = {isa = PBXFileReference; fileEncoding = 4; lastKnownFileType = sourcecode.c.c; path = dspfunc.c; sourceTree = "<group>"; };
		78260DBF21F55FD600659ED5 /* pwfe.c */ = {isa = PBXFileReference; fileEncoding = 4; lastKnownFileType = sourcecode.c.c; path = pwfe.c; sourceTree = "<group>"; };
		78260DC021F55FD600659ED5 /* coderi.mak */ = {isa = PBXFileReference; fileEncoding = 4; lastKnownFileType = sourcecode.make; path = coderi.mak; sourceTree = "<group>"; };
		78260DC121F55FD600659ED5 /* decoderi.mak */ = {isa = PBXFileReference; fileEncoding = 4; lastKnownFileType = sourcecode.make; path = decoderi.mak; sourceTree = "<group>"; };
		78260DC221F55FD600659ED5 /* octet.h */ = {isa = PBXFileReference; fileEncoding = 4; lastKnownFileType = sourcecode.c.h; path = octet.h; sourceTree = "<group>"; };
		78260DC321F55FD600659ED5 /* track_pi.c */ = {isa = PBXFileReference; fileEncoding = 4; lastKnownFileType = sourcecode.c.c; path = track_pi.c; sourceTree = "<group>"; };
		78260DC421F55FD600659ED5 /* dacelpcp.c */ = {isa = PBXFileReference; fileEncoding = 4; lastKnownFileType = sourcecode.c.c; path = dacelpcp.c; sourceTree = "<group>"; };
		78260DC521F55FD600659ED5 /* ld8cp.h */ = {isa = PBXFileReference; fileEncoding = 4; lastKnownFileType = sourcecode.c.h; path = ld8cp.h; sourceTree = "<group>"; };
		78260DC621F55FD600659ED5 /* readme.txt */ = {isa = PBXFileReference; fileEncoding = 4; lastKnownFileType = text; path = readme.txt; sourceTree = "<group>"; };
		78260DC721F55FD600659ED5 /* post_pro.c */ = {isa = PBXFileReference; fileEncoding = 4; lastKnownFileType = sourcecode.c.c; path = post_pro.c; sourceTree = "<group>"; };
		78260DC821F55FD600659ED5 /* bwfwfunc.c */ = {isa = PBXFileReference; fileEncoding = 4; lastKnownFileType = sourcecode.c.c; path = bwfwfunc.c; sourceTree = "<group>"; };
		78260DC921F55FD600659ED5 /* acelp_cp.c */ = {isa = PBXFileReference; fileEncoding = 4; lastKnownFileType = sourcecode.c.c; path = acelp_cp.c; sourceTree = "<group>"; };
		78260DCA21F55FD600659ED5 /* dtx.h */ = {isa = PBXFileReference; fileEncoding = 4; lastKnownFileType = sourcecode.c.h; path = dtx.h; sourceTree = "<group>"; };
		78260DCB21F55FD600659ED5 /* declagcp.c */ = {isa = PBXFileReference; fileEncoding = 4; lastKnownFileType = sourcecode.c.c; path = declagcp.c; sourceTree = "<group>"; };
		78260DCC21F55FD600659ED5 /* qua_lspe.c */ = {isa = PBXFileReference; fileEncoding = 4; lastKnownFileType = sourcecode.c.c; path = qua_lspe.c; sourceTree = "<group>"; };
		78260DCD21F55FD600659ED5 /* sid.h */ = {isa = PBXFileReference; fileEncoding = 4; lastKnownFileType = sourcecode.c.h; path = sid.h; sourceTree = "<group>"; };
		78260DCE21F55FD600659ED5 /* calcexc.c */ = {isa = PBXFileReference; fileEncoding = 4; lastKnownFileType = sourcecode.c.c; path = calcexc.c; sourceTree = "<group>"; };
		78260DCF21F55FD600659ED5 /* pred_lt3.c */ = {isa = PBXFileReference; fileEncoding = 4; lastKnownFileType = sourcecode.c.c; path = pred_lt3.c; sourceTree = "<group>"; };
		78260DD021F55FD600659ED5 /* tab_dtx.c */ = {isa = PBXFileReference; fileEncoding = 4; lastKnownFileType = sourcecode.c.c; path = tab_dtx.c; sourceTree = "<group>"; };
		78260DD121F55FD600659ED5 /* pre_proc.c */ = {isa = PBXFileReference; fileEncoding = 4; lastKnownFileType = sourcecode.c.c; path = pre_proc.c; sourceTree = "<group>"; };
		78260DD221F55FD600659ED5 /* vad.c */ = {isa = PBXFileReference; fileEncoding = 4; lastKnownFileType = sourcecode.c.c; path = vad.c; sourceTree = "<group>"; };
		78260DD321F55FD600659ED5 /* lpccp.c */ = {isa = PBXFileReference; fileEncoding = 4; lastKnownFileType = sourcecode.c.c; path = lpccp.c; sourceTree = "<group>"; };
		78260DD421F55FD600659ED5 /* lspgetqe.c */ = {isa = PBXFileReference; fileEncoding = 4; lastKnownFileType = sourcecode.c.c; path = lspgetqe.c; sourceTree = "<group>"; };
		78260DD521F55FD600659ED5 /* tab_ld8k.h */ = {isa = PBXFileReference; fileEncoding = 4; lastKnownFileType = sourcecode.c.h; path = tab_ld8k.h; sourceTree = "<group>"; };
		78260DD621F55FD600659ED5 /* typedef.h */ = {isa = PBXFileReference; fileEncoding = 4; lastKnownFileType = sourcecode.c.h; path = typedef.h; sourceTree = "<group>"; };
		78260DD721F55FD600659ED5 /* bwfw.c */ = {isa = PBXFileReference; fileEncoding = 4; lastKnownFileType = sourcecode.c.c; path = bwfw.c; sourceTree = "<group>"; };
		78260DD821F55FD600659ED5 /* lpcfunc.c */ = {isa = PBXFileReference; fileEncoding = 4; lastKnownFileType = sourcecode.c.c; path = lpcfunc.c; sourceTree = "<group>"; };
		78260E0B21F5A20500659ED5 /* g729codeca */ = {isa = PBXFileReference; explicitFileType = "compiled.mach-o.executable"; includeInIndex = 0; path = g729codeca; sourceTree = BUILT_PRODUCTS_DIR; };
		78260E0D21F5A20500659ED5 /* main.cc */ = {isa = PBXFileReference; lastKnownFileType = sourcecode.cpp.cpp; path = main.cc; sourceTree = "<group>"; };
		78260E1A21F5A25400659ED5 /* G729Codec.cpp */ = {isa = PBXFileReference; fileEncoding = 4; lastKnownFileType = sourcecode.cpp.cpp; path = G729Codec.cpp; sourceTree = "<group>"; };
		78260E1B21F5A25400659ED5 /* g729_main_test.cc */ = {isa = PBXFileReference; fileEncoding = 4; lastKnownFileType = sourcecode.cpp.cpp; path = g729_main_test.cc; sourceTree = "<group>"; };
		78260E1C21F5A25400659ED5 /* gainpred.c */ = {isa = PBXFileReference; fileEncoding = 4; lastKnownFileType = sourcecode.c.c; path = gainpred.c; sourceTree = "<group>"; };
		78260E1D21F5A25400659ED5 /* basic_op.h */ = {isa = PBXFileReference; fileEncoding = 4; lastKnownFileType = sourcecode.c.h; path = basic_op.h; sourceTree = "<group>"; };
		78260E1E21F5A25400659ED5 /* taming.c */ = {isa = PBXFileReference; fileEncoding = 4; lastKnownFileType = sourcecode.c.c; path = taming.c; sourceTree = "<group>"; };
		78260E1F21F5A25400659ED5 /* oper_32b.h */ = {isa = PBXFileReference; fileEncoding = 4; lastKnownFileType = sourcecode.c.h; path = oper_32b.h; sourceTree = "<group>"; };
		78260E2021F5A25400659ED5 /* ld8a.h */ = {isa = PBXFileReference; fileEncoding = 4; lastKnownFileType = sourcecode.c.h; path = ld8a.h; sourceTree = "<group>"; };
		78260E2121F5A25400659ED5 /* cod_ld8a.c */ = {isa = PBXFileReference; fileEncoding = 4; lastKnownFileType = sourcecode.c.c; path = cod_ld8a.c; sourceTree = "<group>"; };
		78260E2221F5A25400659ED5 /* util.c */ = {isa = PBXFileReference; fileEncoding = 4; lastKnownFileType = sourcecode.c.c; path = util.c; sourceTree = "<group>"; };
		78260E2321F5A25400659ED5 /* p_parity.c */ = {isa = PBXFileReference; fileEncoding = 4; lastKnownFileType = sourcecode.c.c; path = p_parity.c; sourceTree = "<group>"; };
		78260E2421F5A25400659ED5 /* G729Codec.h */ = {isa = PBXFileReference; fileEncoding = 4; lastKnownFileType = sourcecode.c.h; path = G729Codec.h; sourceTree = "<group>"; };
		78260E2521F5A25400659ED5 /* g729_main_test.h */ = {isa = PBXFileReference; fileEncoding = 4; lastKnownFileType = sourcecode.c.h; path = g729_main_test.h; sourceTree = "<group>"; };
		78260E2621F5A25400659ED5 /* bits.c */ = {isa = PBXFileReference; fileEncoding = 4; lastKnownFileType = sourcecode.c.c; path = bits.c; sourceTree = "<group>"; };
		78260E2721F5A25400659ED5 /* tab_ld8a.c */ = {isa = PBXFileReference; fileEncoding = 4; lastKnownFileType = sourcecode.c.c; path = tab_ld8a.c; sourceTree = "<group>"; };
		78260E2821F5A25400659ED5 /* postfilt.c */ = {isa = PBXFileReference; fileEncoding = 4; lastKnownFileType = sourcecode.c.c; path = postfilt.c; sourceTree = "<group>"; };
		78260E2921F5A25400659ED5 /* lspgetq.c */ = {isa = PBXFileReference; fileEncoding = 4; lastKnownFileType = sourcecode.c.c; path = lspgetq.c; sourceTree = "<group>"; };
		78260E2A21F5A25400659ED5 /* coder.c */ = {isa = PBXFileReference; fileEncoding = 4; lastKnownFileType = sourcecode.c.c; path = coder.c; sourceTree = "<group>"; };
		78260E2B21F5A25400659ED5 /* filter.c */ = {isa = PBXFileReference; fileEncoding = 4; lastKnownFileType = sourcecode.c.c; path = filter.c; sourceTree = "<group>"; };
		78260E2C21F5A25400659ED5 /* qua_gain.c */ = {isa = PBXFileReference; fileEncoding = 4; lastKnownFileType = sourcecode.c.c; path = qua_gain.c; sourceTree = "<group>"; };
		78260E2D21F5A25400659ED5 /* decoder.mak */ = {isa = PBXFileReference; fileEncoding = 4; lastKnownFileType = sourcecode.make; path = decoder.mak; sourceTree = "<group>"; };
		78260E2E21F5A25400659ED5 /* lspdec.c */ = {isa = PBXFileReference; fileEncoding = 4; lastKnownFileType = sourcecode.c.c; path = lspdec.c; sourceTree = "<group>"; };
		78260E2F21F5A25400659ED5 /* oper_32b.c */ = {isa = PBXFileReference; fileEncoding = 4; lastKnownFileType = sourcecode.c.c; path = oper_32b.c; sourceTree = "<group>"; };
		78260E3021F5A25400659ED5 /* dec_gain.c */ = {isa = PBXFileReference; fileEncoding = 4; lastKnownFileType = sourcecode.c.c; path = dec_gain.c; sourceTree = "<group>"; };
		78260E3121F5A25400659ED5 /* basic_op.c */ = {isa = PBXFileReference; fileEncoding = 4; lastKnownFileType = sourcecode.c.c; path = basic_op.c; sourceTree = "<group>"; };
		78260E3221F5A25400659ED5 /* acelp_ca.c */ = {isa = PBXFileReference; fileEncoding = 4; lastKnownFileType = sourcecode.c.c; path = acelp_ca.c; sourceTree = "<group>"; };
		78260E3321F5A25400659ED5 /* rename.sh */ = {isa = PBXFileReference; fileEncoding = 4; lastKnownFileType = text.script.sh; path = rename.sh; sourceTree = "<group>"; };
		78260E3421F5A25400659ED5 /* dspfunc.c */ = {isa = PBXFileReference; fileEncoding = 4; lastKnownFileType = sourcecode.c.c; path = dspfunc.c; sourceTree = "<group>"; };
		78260E3521F5A25400659ED5 /* readme.txt */ = {isa = PBXFileReference; fileEncoding = 4; lastKnownFileType = text; path = readme.txt; sourceTree = "<group>"; };
		78260E3621F5A25400659ED5 /* post_pro.c */ = {isa = PBXFileReference; fileEncoding = 4; lastKnownFileType = sourcecode.c.c; path = post_pro.c; sourceTree = "<group>"; };
		78260E3721F5A25400659ED5 /* dec_ld8a.c */ = {isa = PBXFileReference; fileEncoding = 4; lastKnownFileType = sourcecode.c.c; path = dec_ld8a.c; sourceTree = "<group>"; };
		78260E3821F5A25400659ED5 /* coder.mak */ = {isa = PBXFileReference; fileEncoding = 4; lastKnownFileType = sourcecode.make; path = coder.mak; sourceTree = "<group>"; };
		78260E3921F5A25400659ED5 /* de_acelp.c */ = {isa = PBXFileReference; fileEncoding = 4; lastKnownFileType = sourcecode.c.c; path = de_acelp.c; sourceTree = "<group>"; };
		78260E3A21F5A25400659ED5 /* cor_func.c */ = {isa = PBXFileReference; fileEncoding = 4; lastKnownFileType = sourcecode.c.c; path = cor_func.c; sourceTree = "<group>"; };
		78260E3B21F5A25400659ED5 /* decoder.c */ = {isa = PBXFileReference; fileEncoding = 4; lastKnownFileType = sourcecode.c.c; path = decoder.c; sourceTree = "<group>"; };
		78260E3C21F5A25400659ED5 /* dec_lag3.c */ = {isa = PBXFileReference; fileEncoding = 4; lastKnownFileType = sourcecode.c.c; path = dec_lag3.c; sourceTree = "<group>"; };
		78260E3D21F5A25400659ED5 /* pitch_a.c */ = {isa = PBXFileReference; fileEncoding = 4; lastKnownFileType = sourcecode.c.c; path = pitch_a.c; sourceTree = "<group>"; };
		78260E3E21F5A25400659ED5 /* pred_lt3.c */ = {isa = PBXFileReference; fileEncoding = 4; lastKnownFileType = sourcecode.c.c; path = pred_lt3.c; sourceTree = "<group>"; };
		78260E3F21F5A25400659ED5 /* pre_proc.c */ = {isa = PBXFileReference; fileEncoding = 4; lastKnownFileType = sourcecode.c.c; path = pre_proc.c; sourceTree = "<group>"; };
		78260E4021F5A25400659ED5 /* lpc.c */ = {isa = PBXFileReference; fileEncoding = 4; lastKnownFileType = sourcecode.c.c; path = lpc.c; sourceTree = "<group>"; };
		78260E4121F5A25400659ED5 /* qua_lsp.c */ = {isa = PBXFileReference; fileEncoding = 4; lastKnownFileType = sourcecode.c.c; path = qua_lsp.c; sourceTree = "<group>"; };
		78260E4221F5A25400659ED5 /* tab_ld8a.h */ = {isa = PBXFileReference; fileEncoding = 4; lastKnownFileType = sourcecode.c.h; path = tab_ld8a.h; sourceTree = "<group>"; };
		78260E4321F5A25400659ED5 /* typedef.h */ = {isa = PBXFileReference; fileEncoding = 4; lastKnownFileType = sourcecode.c.h; path = typedef.h; sourceTree = "<group>"; };
		78260E4421F5A25400659ED5 /* lpcfunc.c */ = {isa = PBXFileReference; fileEncoding = 4; lastKnownFileType = sourcecode.c.c; path = lpcfunc.c; sourceTree = "<group>"; };
		783F75A621DCBA3900F573BA /* g729codec */ = {isa = PBXFileReference; explicitFileType = "compiled.mach-o.executable"; includeInIndex = 0; path = g729codec; sourceTree = BUILT_PRODUCTS_DIR; };
		783F75A921DCBA3900F573BA /* main.cc */ = {isa = PBXFileReference; lastKnownFileType = sourcecode.cpp.cpp; path = main.cc; sourceTree = "<group>"; };
		783F768521DDE8D000F573BA /* Ch_f1_8k.pcm */ = {isa = PBXFileReference; lastKnownFileType = file; path = Ch_f1_8k.pcm; sourceTree = "<group>"; };
/* End PBXFileReference section */

/* Begin PBXFrameworksBuildPhase section */
		78260E0821F5A20500659ED5 /* Frameworks */ = {
			isa = PBXFrameworksBuildPhase;
			buildActionMask = 2147483647;
			files = (
			);
			runOnlyForDeploymentPostprocessing = 0;
		};
		783F75A321DCBA3900F573BA /* Frameworks */ = {
			isa = PBXFrameworksBuildPhase;
			buildActionMask = 2147483647;
			files = (
			);
			runOnlyForDeploymentPostprocessing = 0;
		};
/* End PBXFrameworksBuildPhase section */

/* Begin PBXGroup section */
		7805D43621F40ED800194C98 /* PESQ */ = {
			isa = PBXGroup;
			children = (
				7805D44821F4121A00194C98 /* pesq_calculate.cc */,
				7805D44921F4121A00194C98 /* pesq_calculate.h */,
				7805D43721F40ED800194C98 /* pesq.h */,
				7805D43E21F40ED800194C98 /* dsp.h */,
				7805D43821F40ED800194C98 /* dsp.c */,
				7805D43B21F40ED800194C98 /* pesqpar.h */,
				7805D43A21F40ED800194C98 /* pesqmain.c */,
				7805D43D21F40ED800194C98 /* pesqmod.c */,
				7805D44121F40ED800194C98 /* pesqdsp.c */,
				7805D43C21F40ED800194C98 /* pesqio.c */,
			);
			path = PESQ;
			sourceTree = "<group>";
		};
		7805D44B21F416BE00194C98 /* utils */ = {
			isa = PBXGroup;
			children = (
				7805D44D21F416BE00194C98 /* waveoperator.h */,
				7805D44C21F416BE00194C98 /* waveoperator.cc */,
			);
			path = utils;
			sourceTree = "<group>";
		};
		78260D9C21F55FD600659ED5 /* g729I */ = {
			isa = PBXGroup;
			children = (
				78260D9D21F55FD600659ED5 /* tabld8cp.c */,
				78260D9E21F55FD600659ED5 /* gainpred.c */,
				78260D9F21F55FD600659ED5 /* basic_op.h */,
				78260DA121F55FD600659ED5 /* taming.c */,
				78260DA221F55FD600659ED5 /* pwf.c */,
				78260DA321F55FD600659ED5 /* oper_32b.h */,
				78260DA421F55FD600659ED5 /* ld8k.h */,
				78260DA521F55FD600659ED5 /* q_gaincp.c */,
				78260DA621F55FD600659ED5 /* dec_sid.c */,
				78260DA721F55FD600659ED5 /* degaincp.c */,
				78260DA821F55FD600659ED5 /* codld8cp.c */,
				78260DA921F55FD600659ED5 /* lspdece.c */,
				78260DAB21F55FD600659ED5 /* p_parity.c */,
				78260DAC21F55FD600659ED5 /* dtx.c */,
				78260DAD21F55FD600659ED5 /* filtere.c */,
				78260DAE21F55FD600659ED5 /* pstcp.c */,
				78260DAF21F55FD600659ED5 /* tab_ld8k.c */,
				78260DB021F55FD600659ED5 /* tab_dtx.h */,
				78260DB121F55FD600659ED5 /* vad.h */,
				78260DB321F55FD600659ED5 /* qsidlsf.c */,
				78260DB421F55FD600659ED5 /* oper_32b.c */,
				78260DB521F55FD600659ED5 /* bitstrea.txt */,
				78260DB621F55FD600659ED5 /* phdisp.c */,
				78260DB721F55FD600659ED5 /* utilcp.c */,
				78260DB821F55FD600659ED5 /* basic_op.c */,
				78260DB921F55FD600659ED5 /* tabld8cp.h */,
				78260DBA21F55FD600659ED5 /* qsidgain.c */,
				78260DBB21F55FD600659ED5 /* decld8cp.c */,
				78260DBC21F55FD600659ED5 /* mus_dtct.c */,
				78260DBD21F55FD600659ED5 /* pitchcp.c */,
				78260DBE21F55FD600659ED5 /* dspfunc.c */,
				78260DBF21F55FD600659ED5 /* pwfe.c */,
				78260DC021F55FD600659ED5 /* coderi.mak */,
				78260DC121F55FD600659ED5 /* decoderi.mak */,
				78260DC221F55FD600659ED5 /* octet.h */,
				78260DC321F55FD600659ED5 /* track_pi.c */,
				78260DC421F55FD600659ED5 /* dacelpcp.c */,
				78260DC621F55FD600659ED5 /* readme.txt */,
				78260DC721F55FD600659ED5 /* post_pro.c */,
				78260DC821F55FD600659ED5 /* bwfwfunc.c */,
				78260DC921F55FD600659ED5 /* acelp_cp.c */,
				78260DCA21F55FD600659ED5 /* dtx.h */,
				78260DCB21F55FD600659ED5 /* declagcp.c */,
				78260DCC21F55FD600659ED5 /* qua_lspe.c */,
				78260DCD21F55FD600659ED5 /* sid.h */,
				78260DCE21F55FD600659ED5 /* calcexc.c */,
				78260DCF21F55FD600659ED5 /* pred_lt3.c */,
				78260DD021F55FD600659ED5 /* tab_dtx.c */,
				78260DD121F55FD600659ED5 /* pre_proc.c */,
				78260DD221F55FD600659ED5 /* vad.c */,
				78260DD321F55FD600659ED5 /* lpccp.c */,
				78260DD421F55FD600659ED5 /* lspgetqe.c */,
				78260DD521F55FD600659ED5 /* tab_ld8k.h */,
				78260DD621F55FD600659ED5 /* typedef.h */,
				78260DD721F55FD600659ED5 /* bwfw.c */,
				78260DD821F55FD600659ED5 /* lpcfunc.c */,
				78260DC521F55FD600659ED5 /* ld8cp.h */,
				78260DAA21F55FD600659ED5 /* bitscp.c */,
				78260DA021F55FD600659ED5 /* coderi.c */,
				78260DB221F55FD600659ED5 /* decoderi.c */,
			);
			name = g729I;
			path = g729codec/g729I;
			sourceTree = SOURCE_ROOT;
		};
		78260E0C21F5A20500659ED5 /* g729codeca */ = {
			isa = PBXGroup;
			children = (
				78260E1921F5A25400659ED5 /* g729a */,
				78260E0D21F5A20500659ED5 /* main.cc */,
			);
			path = g729codeca;
			sourceTree = "<group>";
		};
		78260E1921F5A25400659ED5 /* g729a */ = {
			isa = PBXGroup;
			children = (
				78260E1C21F5A25400659ED5 /* gainpred.c */,
				78260E1D21F5A25400659ED5 /* basic_op.h */,
				78260E1E21F5A25400659ED5 /* taming.c */,
				78260E1F21F5A25400659ED5 /* oper_32b.h */,
				78260E2021F5A25400659ED5 /* ld8a.h */,
				78260E2221F5A25400659ED5 /* util.c */,
				78260E2321F5A25400659ED5 /* p_parity.c */,
				78260E2621F5A25400659ED5 /* bits.c */,
				78260E2721F5A25400659ED5 /* tab_ld8a.c */,
				78260E2821F5A25400659ED5 /* postfilt.c */,
				78260E2921F5A25400659ED5 /* lspgetq.c */,
				78260E2A21F5A25400659ED5 /* coder.c */,
				78260E2B21F5A25400659ED5 /* filter.c */,
				78260E2C21F5A25400659ED5 /* qua_gain.c */,
				78260E2D21F5A25400659ED5 /* decoder.mak */,
				78260E2E21F5A25400659ED5 /* lspdec.c */,
				78260E2F21F5A25400659ED5 /* oper_32b.c */,
				78260E3021F5A25400659ED5 /* dec_gain.c */,
				78260E3121F5A25400659ED5 /* basic_op.c */,
				78260E3221F5A25400659ED5 /* acelp_ca.c */,
				78260E3321F5A25400659ED5 /* rename.sh */,
				78260E3421F5A25400659ED5 /* dspfunc.c */,
				78260E3521F5A25400659ED5 /* readme.txt */,
				78260E3621F5A25400659ED5 /* post_pro.c */,
				78260E3721F5A25400659ED5 /* dec_ld8a.c */,
				78260E3821F5A25400659ED5 /* coder.mak */,
				78260E3921F5A25400659ED5 /* de_acelp.c */,
				78260E3A21F5A25400659ED5 /* cor_func.c */,
				78260E3B21F5A25400659ED5 /* decoder.c */,
				78260E3C21F5A25400659ED5 /* dec_lag3.c */,
				78260E3D21F5A25400659ED5 /* pitch_a.c */,
				78260E3E21F5A25400659ED5 /* pred_lt3.c */,
				78260E4221F5A25400659ED5 /* tab_ld8a.h */,
				78260E4321F5A25400659ED5 /* typedef.h */,
				78260E4121F5A25400659ED5 /* qua_lsp.c */,
				78260E4421F5A25400659ED5 /* lpcfunc.c */,
				78260E4021F5A25400659ED5 /* lpc.c */,
				78260E2121F5A25400659ED5 /* cod_ld8a.c */,
				78260E3F21F5A25400659ED5 /* pre_proc.c */,
				78260E1A21F5A25400659ED5 /* G729Codec.cpp */,
				78260E2421F5A25400659ED5 /* G729Codec.h */,
				78260E1B21F5A25400659ED5 /* g729_main_test.cc */,
				78260E2521F5A25400659ED5 /* g729_main_test.h */,
			);
			name = g729a;
			path = g729codec/g729a;
			sourceTree = SOURCE_ROOT;
		};
		783F759D21DCBA3900F573BA = {
			isa = PBXGroup;
			children = (
				783F75A821DCBA3900F573BA /* g729codec */,
				78260E0C21F5A20500659ED5 /* g729codeca */,
				783F75A721DCBA3900F573BA /* Products */,
			);
			sourceTree = "<group>";
		};
		783F75A721DCBA3900F573BA /* Products */ = {
			isa = PBXGroup;
			children = (
				783F75A621DCBA3900F573BA /* g729codec */,
				78260E0B21F5A20500659ED5 /* g729codeca */,
			);
			name = Products;
			sourceTree = "<group>";
		};
		783F75A821DCBA3900F573BA /* g729codec */ = {
			isa = PBXGroup;
			children = (
				7805D44B21F416BE00194C98 /* utils */,
				7805D43621F40ED800194C98 /* PESQ */,
				7805D44F21F4192400194C98 /* Ch_f1_8k.wav */,
				783F768521DDE8D000F573BA /* Ch_f1_8k.pcm */,
				78260D9C21F55FD600659ED5 /* g729I */,
				783F75A921DCBA3900F573BA /* main.cc */,
			);
			path = g729codec;
			sourceTree = "<group>";
		};
/* End PBXGroup section */

/* Begin PBXNativeTarget section */
		78260E0A21F5A20500659ED5 /* g729codeca */ = {
			isa = PBXNativeTarget;
			buildConfigurationList = 78260E0F21F5A20500659ED5 /* Build configuration list for PBXNativeTarget "g729codeca" */;
			buildPhases = (
				78260E0721F5A20500659ED5 /* Sources */,
				78260E0821F5A20500659ED5 /* Frameworks */,
				78260E0921F5A20500659ED5 /* CopyFiles */,
			);
			buildRules = (
			);
			dependencies = (
			);
			name = g729codeca;
			productName = g729codeca;
			productReference = 78260E0B21F5A20500659ED5 /* g729codeca */;
			productType = "com.apple.product-type.tool";
		};
		783F75A521DCBA3900F573BA /* g729codec */ = {
			isa = PBXNativeTarget;
			buildConfigurationList = 783F75AD21DCBA3900F573BA /* Build configuration list for PBXNativeTarget "g729codec" */;
			buildPhases = (
				783F75A221DCBA3900F573BA /* Sources */,
				783F75A321DCBA3900F573BA /* Frameworks */,
				783F75A421DCBA3900F573BA /* Copy Files */,
			);
			buildRules = (
			);
			dependencies = (
			);
			name = g729codec;
			productName = g729codec;
			productReference = 783F75A621DCBA3900F573BA /* g729codec */;
			productType = "com.apple.product-type.tool";
		};
/* End PBXNativeTarget section */

/* Begin PBXProject section */
		783F759E21DCBA3900F573BA /* Project object */ = {
			isa = PBXProject;
			attributes = {
				LastUpgradeCheck = 1010;
				ORGANIZATIONNAME = JFChen;
				TargetAttributes = {
					78260E0A21F5A20500659ED5 = {
						CreatedOnToolsVersion = 10.1;
					};
					783F75A521DCBA3900F573BA = {
						CreatedOnToolsVersion = 10.1;
					};
				};
			};
			buildConfigurationList = 783F75A121DCBA3900F573BA /* Build configuration list for PBXProject "g729codec" */;
			compatibilityVersion = "Xcode 9.3";
			developmentRegion = en;
			hasScannedForEncodings = 0;
			knownRegions = (
				en,
			);
			mainGroup = 783F759D21DCBA3900F573BA;
			productRefGroup = 783F75A721DCBA3900F573BA /* Products */;
			projectDirPath = "";
			projectRoot = "";
			targets = (
				783F75A521DCBA3900F573BA /* g729codec */,
				78260E0A21F5A20500659ED5 /* g729codeca */,
			);
		};
/* End PBXProject section */

/* Begin PBXSourcesBuildPhase section */
		78260E0721F5A20500659ED5 /* Sources */ = {
			isa = PBXSourcesBuildPhase;
			buildActionMask = 2147483647;
			files = (
				78260E6221F5A25400659ED5 /* pred_lt3.c in Sources */,
				78260E5E21F5A25400659ED5 /* cor_func.c in Sources */,
				78260E5B21F5A25400659ED5 /* dec_ld8a.c in Sources */,
				78260E1221F5A22F00659ED5 /* waveoperator.cc in Sources */,
				78260E1721F5A23A00659ED5 /* pesqdsp.c in Sources */,
				78260E1821F5A23A00659ED5 /* pesqio.c in Sources */,
				78260E4B21F5A25400659ED5 /* p_parity.c in Sources */,
				78260E5421F5A25400659ED5 /* lspdec.c in Sources */,
				78260E1421F5A23A00659ED5 /* dsp.c in Sources */,
				78260E4521F5A25400659ED5 /* G729Codec.cpp in Sources */,
				78260E5221F5A25400659ED5 /* qua_gain.c in Sources */,
				78260E5F21F5A25400659ED5 /* decoder.c in Sources */,
				78260E4F21F5A25400659ED5 /* lspgetq.c in Sources */,
				78260E6421F5A25400659ED5 /* lpc.c in Sources */,
				78260E5D21F5A25400659ED5 /* de_acelp.c in Sources */,
				78260E5621F5A25400659ED5 /* dec_gain.c in Sources */,
				78260E4721F5A25400659ED5 /* gainpred.c in Sources */,
				78260E5A21F5A25400659ED5 /* post_pro.c in Sources */,
				78260E4D21F5A25400659ED5 /* tab_ld8a.c in Sources */,
				78260E4E21F5A25400659ED5 /* postfilt.c in Sources */,
				78260E6321F5A25400659ED5 /* pre_proc.c in Sources */,
				78260E5121F5A25400659ED5 /* filter.c in Sources */,
				78260E5821F5A25400659ED5 /* acelp_ca.c in Sources */,
				78260E5721F5A25400659ED5 /* basic_op.c in Sources */,
				78260E4621F5A25400659ED5 /* g729_main_test.cc in Sources */,
				78260E4921F5A25400659ED5 /* cod_ld8a.c in Sources */,
				78260E4C21F5A25400659ED5 /* bits.c in Sources */,
				78260E1321F5A23A00659ED5 /* pesq_calculate.cc in Sources */,
				78260E4A21F5A25400659ED5 /* util.c in Sources */,
				78260E6121F5A25400659ED5 /* pitch_a.c in Sources */,
				78260E6621F5A25400659ED5 /* lpcfunc.c in Sources */,
				78260E0E21F5A20500659ED5 /* main.cc in Sources */,
				78260E5921F5A25400659ED5 /* dspfunc.c in Sources */,
				78260E5521F5A25400659ED5 /* oper_32b.c in Sources */,
				78260E4821F5A25400659ED5 /* taming.c in Sources */,
				78260E5021F5A25400659ED5 /* coder.c in Sources */,
				78260E6021F5A25400659ED5 /* dec_lag3.c in Sources */,
				78260E1521F5A23A00659ED5 /* pesqmain.c in Sources */,
				78260E6521F5A25400659ED5 /* qua_lsp.c in Sources */,
				78260E1621F5A23A00659ED5 /* pesqmod.c in Sources */,
			);
			runOnlyForDeploymentPostprocessing = 0;
		};
		783F75A221DCBA3900F573BA /* Sources */ = {
			isa = PBXSourcesBuildPhase;
			buildActionMask = 2147483647;
			files = (
				7805D44421F40ED800194C98 /* pesqmain.c in Sources */,
				78260DEE21F55FD600659ED5 /* basic_op.c in Sources */,
				78260DE021F55FD600659ED5 /* degaincp.c in Sources */,
				78260DE521F55FD600659ED5 /* dtx.c in Sources */,
				78260DEC21F55FD600659ED5 /* phdisp.c in Sources */,
				78260DF021F55FD600659ED5 /* decld8cp.c in Sources */,
				78260DED21F55FD600659ED5 /* utilcp.c in Sources */,
				78260E0421F55FD600659ED5 /* lspgetqe.c in Sources */,
				7805D44E21F416BE00194C98 /* waveoperator.cc in Sources */,
				78260DF121F55FD600659ED5 /* mus_dtct.c in Sources */,
				78260DF321F55FD600659ED5 /* dspfunc.c in Sources */,
				78260DF921F55FD600659ED5 /* post_pro.c in Sources */,
				78260DDD21F55FD600659ED5 /* pwf.c in Sources */,
				78260DF421F55FD600659ED5 /* pwfe.c in Sources */,
				78260DFF21F55FD600659ED5 /* pred_lt3.c in Sources */,
				78260DE721F55FD600659ED5 /* pstcp.c in Sources */,
				78260DDB21F55FD600659ED5 /* coderi.c in Sources */,
				78260DF721F55FD600659ED5 /* track_pi.c in Sources */,
				78260DE121F55FD600659ED5 /* codld8cp.c in Sources */,
				78260E0121F55FD600659ED5 /* pre_proc.c in Sources */,
				78260DE921F55FD600659ED5 /* decoderi.c in Sources */,
				78260DFD21F55FD600659ED5 /* qua_lspe.c in Sources */,
				78260DFA21F55FD600659ED5 /* bwfwfunc.c in Sources */,
				78260DE621F55FD600659ED5 /* filtere.c in Sources */,
				78260DE821F55FD600659ED5 /* tab_ld8k.c in Sources */,
				78260DF221F55FD600659ED5 /* pitchcp.c in Sources */,
				78260DEA21F55FD600659ED5 /* qsidlsf.c in Sources */,
				78260DDC21F55FD600659ED5 /* taming.c in Sources */,
				7805D44621F40ED800194C98 /* pesqmod.c in Sources */,
				78260E0321F55FD600659ED5 /* lpccp.c in Sources */,
				78260DDE21F55FD600659ED5 /* q_gaincp.c in Sources */,
				7805D44521F40ED800194C98 /* pesqio.c in Sources */,
				78260E0621F55FD600659ED5 /* lpcfunc.c in Sources */,
				783F75AA21DCBA3900F573BA /* main.cc in Sources */,
				7805D44221F40ED800194C98 /* dsp.c in Sources */,
				78260DFE21F55FD600659ED5 /* calcexc.c in Sources */,
				78260DFB21F55FD600659ED5 /* acelp_cp.c in Sources */,
				78260DE321F55FD600659ED5 /* bitscp.c in Sources */,
				78260DFC21F55FD600659ED5 /* declagcp.c in Sources */,
				7805D44A21F4121A00194C98 /* pesq_calculate.cc in Sources */,
				78260DF821F55FD600659ED5 /* dacelpcp.c in Sources */,
				78260DEB21F55FD600659ED5 /* oper_32b.c in Sources */,
				78260DD921F55FD600659ED5 /* tabld8cp.c in Sources */,
				78260E0221F55FD600659ED5 /* vad.c in Sources */,
				7805D44721F40ED800194C98 /* pesqdsp.c in Sources */,
				78260DEF21F55FD600659ED5 /* qsidgain.c in Sources */,
				78260E0021F55FD600659ED5 /* tab_dtx.c in Sources */,
				78260E0521F55FD600659ED5 /* bwfw.c in Sources */,
				78260DE221F55FD600659ED5 /* lspdece.c in Sources */,
				78260DDA21F55FD600659ED5 /* gainpred.c in Sources */,
				78260DE421F55FD600659ED5 /* p_parity.c in Sources */,
				78260DDF21F55FD600659ED5 /* dec_sid.c in Sources */,
			);
			runOnlyForDeploymentPostprocessing = 0;
		};
/* End PBXSourcesBuildPhase section */

/* Begin XCBuildConfiguration section */
		78260E1021F5A20500659ED5 /* Debug */ = {
			isa = XCBuildConfiguration;
			buildSettings = {
				CODE_SIGN_STYLE = Automatic;
				DEVELOPMENT_TEAM = 67Q24N9KP5;
				PRODUCT_NAME = "$(TARGET_NAME)";
			};
			name = Debug;
		};
		78260E1121F5A20500659ED5 /* Release */ = {
			isa = XCBuildConfiguration;
			buildSettings = {
				CODE_SIGN_STYLE = Automatic;
				DEVELOPMENT_TEAM = 67Q24N9KP5;
				PRODUCT_NAME = "$(TARGET_NAME)";
			};
			name = Release;
		};
		783F75AB21DCBA3900F573BA /* Debug */ = {
			isa = XCBuildConfiguration;
			buildSettings = {
				ALWAYS_SEARCH_USER_PATHS = NO;
				CLANG_ANALYZER_NONNULL = YES;
				CLANG_ANALYZER_NUMBER_OBJECT_CONVERSION = YES_AGGRESSIVE;
				CLANG_CXX_LANGUAGE_STANDARD = "gnu++14";
				CLANG_CXX_LIBRARY = "libc++";
				CLANG_ENABLE_MODULES = YES;
				CLANG_ENABLE_OBJC_ARC = YES;
				CLANG_ENABLE_OBJC_WEAK = YES;
				CLANG_WARN_BLOCK_CAPTURE_AUTORELEASING = YES;
				CLANG_WARN_BOOL_CONVERSION = YES;
				CLANG_WARN_COMMA = YES;
				CLANG_WARN_CONSTANT_CONVERSION = YES;
				CLANG_WARN_DEPRECATED_OBJC_IMPLEMENTATIONS = YES;
				CLANG_WARN_DIRECT_OBJC_ISA_USAGE = YES_ERROR;
				CLANG_WARN_DOCUMENTATION_COMMENTS = YES;
				CLANG_WARN_EMPTY_BODY = YES;
				CLANG_WARN_ENUM_CONVERSION = YES;
				CLANG_WARN_INFINITE_RECURSION = YES;
				CLANG_WARN_INT_CONVERSION = YES;
				CLANG_WARN_NON_LITERAL_NULL_CONVERSION = YES;
				CLANG_WARN_OBJC_IMPLICIT_RETAIN_SELF = YES;
				CLANG_WARN_OBJC_LITERAL_CONVERSION = YES;
				CLANG_WARN_OBJC_ROOT_CLASS = YES_ERROR;
				CLANG_WARN_RANGE_LOOP_ANALYSIS = YES;
				CLANG_WARN_STRICT_PROTOTYPES = YES;
				CLANG_WARN_SUSPICIOUS_MOVE = YES;
				CLANG_WARN_UNGUARDED_AVAILABILITY = YES_AGGRESSIVE;
				CLANG_WARN_UNREACHABLE_CODE = YES;
				CLANG_WARN__DUPLICATE_METHOD_MATCH = YES;
				CODE_SIGN_IDENTITY = "Mac Developer";
				COPY_PHASE_STRIP = NO;
				DEBUG_INFORMATION_FORMAT = dwarf;
				ENABLE_STRICT_OBJC_MSGSEND = YES;
				ENABLE_TESTABILITY = YES;
				GCC_C_LANGUAGE_STANDARD = gnu11;
				GCC_DYNAMIC_NO_PIC = NO;
				GCC_NO_COMMON_BLOCKS = YES;
				GCC_OPTIMIZATION_LEVEL = 0;
				GCC_PREPROCESSOR_DEFINITIONS = (
					"DEBUG=1",
					"$(inherited)",
				);
				GCC_WARN_64_TO_32_BIT_CONVERSION = YES;
				GCC_WARN_ABOUT_RETURN_TYPE = YES_ERROR;
				GCC_WARN_UNDECLARED_SELECTOR = YES;
				GCC_WARN_UNINITIALIZED_AUTOS = YES_AGGRESSIVE;
				GCC_WARN_UNUSED_FUNCTION = YES;
				GCC_WARN_UNUSED_VARIABLE = YES;
				MACOSX_DEPLOYMENT_TARGET = 10.14;
				MTL_ENABLE_DEBUG_INFO = INCLUDE_SOURCE;
				MTL_FAST_MATH = YES;
				ONLY_ACTIVE_ARCH = YES;
				SDKROOT = macosx;
			};
			name = Debug;
		};
		783F75AC21DCBA3900F573BA /* Release */ = {
			isa = XCBuildConfiguration;
			buildSettings = {
				ALWAYS_SEARCH_USER_PATHS = NO;
				CLANG_ANALYZER_NONNULL = YES;
				CLANG_ANALYZER_NUMBER_OBJECT_CONVERSION = YES_AGGRESSIVE;
				CLANG_CXX_LANGUAGE_STANDARD = "gnu++14";
				CLANG_CXX_LIBRARY = "libc++";
				CLANG_ENABLE_MODULES = YES;
				CLANG_ENABLE_OBJC_ARC = YES;
				CLANG_ENABLE_OBJC_WEAK = YES;
				CLANG_WARN_BLOCK_CAPTURE_AUTORELEASING = YES;
				CLANG_WARN_BOOL_CONVERSION = YES;
				CLANG_WARN_COMMA = YES;
				CLANG_WARN_CONSTANT_CONVERSION = YES;
				CLANG_WARN_DEPRECATED_OBJC_IMPLEMENTATIONS = YES;
				CLANG_WARN_DIRECT_OBJC_ISA_USAGE = YES_ERROR;
				CLANG_WARN_DOCUMENTATION_COMMENTS = YES;
				CLANG_WARN_EMPTY_BODY = YES;
				CLANG_WARN_ENUM_CONVERSION = YES;
				CLANG_WARN_INFINITE_RECURSION = YES;
				CLANG_WARN_INT_CONVERSION = YES;
				CLANG_WARN_NON_LITERAL_NULL_CONVERSION = YES;
				CLANG_WARN_OBJC_IMPLICIT_RETAIN_SELF = YES;
				CLANG_WARN_OBJC_LITERAL_CONVERSION = YES;
				CLANG_WARN_OBJC_ROOT_CLASS = YES_ERROR;
				CLANG_WARN_RANGE_LOOP_ANALYSIS = YES;
				CLANG_WARN_STRICT_PROTOTYPES = YES;
				CLANG_WARN_SUSPICIOUS_MOVE = YES;
				CLANG_WARN_UNGUARDED_AVAILABILITY = YES_AGGRESSIVE;
				CLANG_WARN_UNREACHABLE_CODE = YES;
				CLANG_WARN__DUPLICATE_METHOD_MATCH = YES;
				CODE_SIGN_IDENTITY = "Mac Developer";
				COPY_PHASE_STRIP = NO;
				DEBUG_INFORMATION_FORMAT = "dwarf-with-dsym";
				ENABLE_NS_ASSERTIONS = NO;
				ENABLE_STRICT_OBJC_MSGSEND = YES;
				GCC_C_LANGUAGE_STANDARD = gnu11;
				GCC_NO_COMMON_BLOCKS = YES;
				GCC_WARN_64_TO_32_BIT_CONVERSION = YES;
				GCC_WARN_ABOUT_RETURN_TYPE = YES_ERROR;
				GCC_WARN_UNDECLARED_SELECTOR = YES;
				GCC_WARN_UNINITIALIZED_AUTOS = YES_AGGRESSIVE;
				GCC_WARN_UNUSED_FUNCTION = YES;
				GCC_WARN_UNUSED_VARIABLE = YES;
				MACOSX_DEPLOYMENT_TARGET = 10.14;
				MTL_ENABLE_DEBUG_INFO = NO;
				MTL_FAST_MATH = YES;
				SDKROOT = macosx;
			};
			name = Release;
		};
		783F75AE21DCBA3900F573BA /* Debug */ = {
			isa = XCBuildConfiguration;
			buildSettings = {
				CODE_SIGN_STYLE = Automatic;
				DEVELOPMENT_TEAM = 67Q24N9KP5;
				PRODUCT_NAME = "$(TARGET_NAME)";
			};
			name = Debug;
		};
		783F75AF21DCBA3900F573BA /* Release */ = {
			isa = XCBuildConfiguration;
			buildSettings = {
				CODE_SIGN_STYLE = Automatic;
				DEVELOPMENT_TEAM = 67Q24N9KP5;
				PRODUCT_NAME = "$(TARGET_NAME)";
			};
			name = Release;
		};
/* End XCBuildConfiguration section */

/* Begin XCConfigurationList section */
		78260E0F21F5A20500659ED5 /* Build configuration list for PBXNativeTarget "g729codeca" */ = {
			isa = XCConfigurationList;
			buildConfigurations = (
				78260E1021F5A20500659ED5 /* Debug */,
				78260E1121F5A20500659ED5 /* Release */,
			);
			defaultConfigurationIsVisible = 0;
			defaultConfigurationName = Release;
		};
		783F75A121DCBA3900F573BA /* Build configuration list for PBXProject "g729codec" */ = {
			isa = XCConfigurationList;
			buildConfigurations = (
				783F75AB21DCBA3900F573BA /* Debug */,
				783F75AC21DCBA3900F573BA /* Release */,
			);
			defaultConfigurationIsVisible = 0;
			defaultConfigurationName = Release;
		};
		783F75AD21DCBA3900F573BA /* Build configuration list for PBXNativeTarget "g729codec" */ = {
			isa = XCConfigurationList;
			buildConfigurations = (
				783F75AE21DCBA3900F573BA /* Debug */,
				783F75AF21DCBA3900F573BA /* Release */,
			);
			defaultConfigurationIsVisible = 0;
			defaultConfigurationName = Release;
		};
/* End XCConfigurationList section */
	};
	rootObject = 783F759E21DCBA3900F573BA /* Project object */;
}
